{
  "version": 4,
  "terraform_version": "1.2.0",
  "serial": 691,
  "lineage": "35963c3f-1bb0-bd1b-aec9-928a217bd843",
  "outputs": {
    "api_gateway_uri": {
      "value": "https://heplb41p9j.execute-api.us-east-1.amazonaws.com",
      "type": "string"
    },
    "public-ip": {
      "value": "54.227.184.192",
      "type": "string"
    }
  },
  "resources": [
    {
      "mode": "data",
      "type": "aws_caller_identity",
      "name": "current",
      "provider": "provider[\"registry.terraform.io/hashicorp/aws\"]",
      "instances": [
        {
          "schema_version": 0,
          "attributes": {
            "account_id": "864450723917",
            "arn": "arn:aws:iam::864450723917:user/lucas",
            "id": "864450723917",
            "user_id": "AIDA4SRKHIBG2LUKVI5MO"
          },
          "sensitive_attributes": []
        }
      ]
    },
    {
      "mode": "data",
      "type": "aws_iam_policy_document",
      "name": "default",
      "provider": "provider[\"registry.terraform.io/hashicorp/aws\"]",
      "instances": [
        {
          "schema_version": 0,
          "attributes": {
            "id": "1903849331",
            "json": "{\n  \"Version\": \"2012-10-17\",\n  \"Statement\": [\n    {\n      \"Sid\": \"\",\n      \"Effect\": \"Allow\",\n      \"Action\": \"sts:AssumeRole\",\n      \"Principal\": {\n        \"Service\": \"ec2.amazonaws.com\"\n      }\n    }\n  ]\n}",
            "override_json": null,
            "override_policy_documents": null,
            "policy_id": null,
            "source_json": null,
            "source_policy_documents": null,
            "statement": [
              {
                "actions": [
                  "sts:AssumeRole"
                ],
                "condition": [],
                "effect": "Allow",
                "not_actions": [],
                "not_principals": [],
                "not_resources": [],
                "principals": [
                  {
                    "identifiers": [
                      "ec2.amazonaws.com"
                    ],
                    "type": "Service"
                  }
                ],
                "resources": [],
                "sid": ""
              }
            ],
            "version": "2012-10-17"
          },
          "sensitive_attributes": []
        }
      ]
    },
    {
      "mode": "data",
      "type": "aws_network_interface",
      "name": "lb",
      "provider": "provider[\"registry.terraform.io/hashicorp/aws\"]",
      "instances": [
        {
          "index_key": 0,
          "schema_version": 0,
          "attributes": {
            "arn": "arn:aws:ec2:us-east-1:864450723917:network-interface/eni-02ea9be01055bc161",
            "association": [],
            "attachment": [
              {
                "attachment_id": "ela-attach-0283854eaf9533b54",
                "device_index": 1,
                "instance_id": "",
                "instance_owner_id": "amazon-aws"
              }
            ],
            "availability_zone": "us-east-1a",
            "description": "ELB net/ecom-nlb/cdabda6fa2822145",
            "filter": [
              {
                "name": "description",
                "values": [
                  "ELB net/ecom-nlb/cdabda6fa2822145"
                ]
              },
              {
                "name": "subnet-id",
                "values": [
                  "subnet-0d99082fc74bdddf2"
                ]
              }
            ],
            "id": "eni-02ea9be01055bc161",
            "interface_type": "network_load_balancer",
            "ipv6_addresses": [],
            "mac_address": "0a:01:98:19:ff:1d",
            "outpost_arn": "",
            "owner_id": "864450723917",
            "private_dns_name": "ip-10-0-3-222.ec2.internal",
            "private_ip": "10.0.3.222",
            "private_ips": [
              "10.0.3.222"
            ],
            "requester_id": "005270062302",
            "security_groups": [],
            "subnet_id": "subnet-0d99082fc74bdddf2",
            "tags": {},
            "vpc_id": "vpc-01a4c148aa0d5d9e1"
          },
          "sensitive_attributes": []
        },
        {
          "index_key": 1,
          "schema_version": 0,
          "attributes": {
            "arn": "arn:aws:ec2:us-east-1:864450723917:network-interface/eni-09c5892af734997f2",
            "association": [],
            "attachment": [
              {
                "attachment_id": "ela-attach-0443be00b2b27f24b",
                "device_index": 1,
                "instance_id": "",
                "instance_owner_id": "amazon-aws"
              }
            ],
            "availability_zone": "us-east-1b",
            "description": "ELB net/ecom-nlb/cdabda6fa2822145",
            "filter": [
              {
                "name": "description",
                "values": [
                  "ELB net/ecom-nlb/cdabda6fa2822145"
                ]
              },
              {
                "name": "subnet-id",
                "values": [
                  "subnet-090b974c68e795932"
                ]
              }
            ],
            "id": "eni-09c5892af734997f2",
            "interface_type": "network_load_balancer",
            "ipv6_addresses": [],
            "mac_address": "0e:1b:ee:d2:ec:5b",
            "outpost_arn": "",
            "owner_id": "864450723917",
            "private_dns_name": "ip-10-0-4-131.ec2.internal",
            "private_ip": "10.0.4.131",
            "private_ips": [
              "10.0.4.131"
            ],
            "requester_id": "273749504915",
            "security_groups": [],
            "subnet_id": "subnet-090b974c68e795932",
            "tags": {},
            "vpc_id": "vpc-01a4c148aa0d5d9e1"
          },
          "sensitive_attributes": []
        }
      ]
    },
    {
      "mode": "managed",
      "type": "aws_apigatewayv2_api",
      "name": "ecommerceapi",
      "provider": "provider[\"registry.terraform.io/hashicorp/aws\"]",
      "instances": [
        {
          "schema_version": 0,
          "attributes": {
            "api_endpoint": "https://heplb41p9j.execute-api.us-east-1.amazonaws.com",
            "api_key_selection_expression": "$request.header.x-api-key",
            "arn": "arn:aws:apigateway:us-east-1::/apis/heplb41p9j",
            "body": null,
            "cors_configuration": [],
            "credentials_arn": null,
            "description": "",
            "disable_execute_api_endpoint": false,
            "execution_arn": "arn:aws:execute-api:us-east-1:864450723917:heplb41p9j",
            "fail_on_warnings": null,
            "id": "heplb41p9j",
            "name": "EcommerceApi",
            "protocol_type": "HTTP",
            "route_key": null,
            "route_selection_expression": "$request.method $request.path",
            "tags": {},
            "tags_all": {},
            "target": null,
            "version": ""
          },
          "sensitive_attributes": [],
          "private": "bnVsbA=="
        }
      ]
    },
    {
      "mode": "managed",
      "type": "aws_apigatewayv2_integration",
      "name": "apigateway_private_integration_cart",
      "provider": "provider[\"registry.terraform.io/hashicorp/aws\"]",
      "instances": [
        {
          "schema_version": 0,
          "attributes": {
            "api_id": "heplb41p9j",
            "connection_id": "fozthm",
            "connection_type": "VPC_LINK",
            "content_handling_strategy": "",
            "credentials_arn": "",
            "description": "",
            "id": "1w47gc6",
            "integration_method": "ANY",
            "integration_response_selection_expression": "",
            "integration_subtype": "",
            "integration_type": "HTTP_PROXY",
            "integration_uri": "arn:aws:elasticloadbalancing:us-east-1:864450723917:listener/net/ecom-nlb/cdabda6fa2822145/8ed9df55577a6465",
            "passthrough_behavior": "",
            "payload_format_version": "1.0",
            "request_parameters": {},
            "request_templates": {},
            "response_parameters": [],
            "template_selection_expression": "",
            "timeout_milliseconds": 30000,
            "tls_config": []
          },
          "sensitive_attributes": [],
          "private": "bnVsbA==",
          "dependencies": [
            "aws_apigatewayv2_api.ecommerceapi",
            "aws_apigatewayv2_vpc_link.ecommerceapi_link",
            "aws_lb.network_ecommerce_loadbalancer",
            "aws_lb_listener.nlb-listener-cart-service",
            "aws_lb_target_group.nlb-tg-5001-nlb",
            "aws_security_group.vpc_link_sg",
            "aws_subnet.ecommerce-subnet-private-1",
            "aws_subnet.ecommerce-subnet-private-2",
            "aws_vpc.ecommerce_vpc"
          ]
        }
      ]
    },
    {
      "mode": "managed",
      "type": "aws_apigatewayv2_integration",
      "name": "apigateway_private_integration_products",
      "provider": "provider[\"registry.terraform.io/hashicorp/aws\"]",
      "instances": [
        {
          "schema_version": 0,
          "attributes": {
            "api_id": "heplb41p9j",
            "connection_id": "fozthm",
            "connection_type": "VPC_LINK",
            "content_handling_strategy": "",
            "credentials_arn": "",
            "description": "",
            "id": "pfh6zmt",
            "integration_method": "ANY",
            "integration_response_selection_expression": "",
            "integration_subtype": "",
            "integration_type": "HTTP_PROXY",
            "integration_uri": "arn:aws:elasticloadbalancing:us-east-1:864450723917:listener/net/ecom-nlb/cdabda6fa2822145/7c7e716994c4d717",
            "passthrough_behavior": "",
            "payload_format_version": "1.0",
            "request_parameters": {},
            "request_templates": {},
            "response_parameters": [],
            "template_selection_expression": "",
            "timeout_milliseconds": 30000,
            "tls_config": []
          },
          "sensitive_attributes": [],
          "private": "bnVsbA==",
          "dependencies": [
            "aws_apigatewayv2_api.ecommerceapi",
            "aws_apigatewayv2_vpc_link.ecommerceapi_link",
            "aws_lb.network_ecommerce_loadbalancer",
            "aws_lb_listener.nlb-listener-product-service",
            "aws_lb_target_group.nlb-tg-5000-nlb",
            "aws_security_group.vpc_link_sg",
            "aws_subnet.ecommerce-subnet-private-1",
            "aws_subnet.ecommerce-subnet-private-2",
            "aws_vpc.ecommerce_vpc"
          ]
        }
      ]
    },
    {
      "mode": "managed",
      "type": "aws_apigatewayv2_integration",
      "name": "apigateway_private_integration_user",
      "provider": "provider[\"registry.terraform.io/hashicorp/aws\"]",
      "instances": [
        {
          "schema_version": 0,
          "attributes": {
            "api_id": "heplb41p9j",
            "connection_id": "fozthm",
            "connection_type": "VPC_LINK",
            "content_handling_strategy": "",
            "credentials_arn": "",
            "description": "",
            "id": "zf35wp2",
            "integration_method": "ANY",
            "integration_response_selection_expression": "",
            "integration_subtype": "",
            "integration_type": "HTTP_PROXY",
            "integration_uri": "arn:aws:elasticloadbalancing:us-east-1:864450723917:listener/net/ecom-nlb/cdabda6fa2822145/4d4cb7c4d5763d77",
            "passthrough_behavior": "",
            "payload_format_version": "1.0",
            "request_parameters": {},
            "request_templates": {},
            "response_parameters": [],
            "template_selection_expression": "",
            "timeout_milliseconds": 30000,
            "tls_config": []
          },
          "sensitive_attributes": [],
          "private": "bnVsbA==",
          "dependencies": [
            "aws_apigatewayv2_api.ecommerceapi",
            "aws_apigatewayv2_vpc_link.ecommerceapi_link",
            "aws_lb.network_ecommerce_loadbalancer",
            "aws_lb_listener.nlb-listener-user-service",
            "aws_lb_target_group.nlb-tg-6000-nlb",
            "aws_security_group.vpc_link_sg",
            "aws_subnet.ecommerce-subnet-private-1",
            "aws_subnet.ecommerce-subnet-private-2",
            "aws_vpc.ecommerce_vpc"
          ]
        }
      ]
    },
    {
      "mode": "managed",
      "type": "aws_apigatewayv2_route",
      "name": "route_cart_add_product",
      "provider": "provider[\"registry.terraform.io/hashicorp/aws\"]",
      "instances": [
        {
          "schema_version": 0,
          "attributes": {
            "api_id": "heplb41p9j",
            "api_key_required": false,
            "authorization_scopes": [],
            "authorization_type": "NONE",
            "authorizer_id": "",
            "id": "rx9agld",
            "model_selection_expression": "",
            "operation_name": "",
            "request_models": {},
            "request_parameter": [],
            "route_key": "POST /api/cart",
            "route_response_selection_expression": "",
            "target": "integrations/1w47gc6"
          },
          "sensitive_attributes": [],
          "private": "bnVsbA==",
          "dependencies": [
            "aws_apigatewayv2_api.ecommerceapi",
            "aws_apigatewayv2_integration.apigateway_private_integration_cart",
            "aws_apigatewayv2_vpc_link.ecommerceapi_link",
            "aws_lb.network_ecommerce_loadbalancer",
            "aws_lb_listener.nlb-listener-cart-service",
            "aws_lb_target_group.nlb-tg-5001-nlb",
            "aws_security_group.vpc_link_sg",
            "aws_subnet.ecommerce-subnet-private-1",
            "aws_subnet.ecommerce-subnet-private-2",
            "aws_vpc.ecommerce_vpc"
          ]
        }
      ]
    },
    {
      "mode": "managed",
      "type": "aws_apigatewayv2_route",
      "name": "route_cart_clean",
      "provider": "provider[\"registry.terraform.io/hashicorp/aws\"]",
      "instances": [
        {
          "schema_version": 0,
          "attributes": {
            "api_id": "heplb41p9j",
            "api_key_required": false,
            "authorization_scopes": [],
            "authorization_type": "NONE",
            "authorizer_id": "",
            "id": "mow97wn",
            "model_selection_expression": "",
            "operation_name": "",
            "request_models": {},
            "request_parameter": [],
            "route_key": "DELETE /api/cart",
            "route_response_selection_expression": "",
            "target": "integrations/1w47gc6"
          },
          "sensitive_attributes": [],
          "private": "bnVsbA==",
          "dependencies": [
            "aws_apigatewayv2_api.ecommerceapi",
            "aws_apigatewayv2_integration.apigateway_private_integration_cart",
            "aws_apigatewayv2_vpc_link.ecommerceapi_link",
            "aws_lb.network_ecommerce_loadbalancer",
            "aws_lb_listener.nlb-listener-cart-service",
            "aws_lb_target_group.nlb-tg-5001-nlb",
            "aws_security_group.vpc_link_sg",
            "aws_subnet.ecommerce-subnet-private-1",
            "aws_subnet.ecommerce-subnet-private-2",
            "aws_vpc.ecommerce_vpc"
          ]
        }
      ]
    },
    {
      "mode": "managed",
      "type": "aws_apigatewayv2_route",
      "name": "route_cart_load",
      "provider": "provider[\"registry.terraform.io/hashicorp/aws\"]",
      "instances": [
        {
          "schema_version": 0,
          "attributes": {
            "api_id": "heplb41p9j",
            "api_key_required": false,
            "authorization_scopes": [],
            "authorization_type": "NONE",
            "authorizer_id": "",
            "id": "ym50948",
            "model_selection_expression": "",
            "operation_name": "",
            "request_models": {},
            "request_parameter": [],
            "route_key": "GET /api/cart",
            "route_response_selection_expression": "",
            "target": "integrations/1w47gc6"
          },
          "sensitive_attributes": [],
          "private": "bnVsbA==",
          "dependencies": [
            "aws_apigatewayv2_api.ecommerceapi",
            "aws_apigatewayv2_integration.apigateway_private_integration_cart",
            "aws_apigatewayv2_vpc_link.ecommerceapi_link",
            "aws_lb.network_ecommerce_loadbalancer",
            "aws_lb_listener.nlb-listener-cart-service",
            "aws_lb_target_group.nlb-tg-5001-nlb",
            "aws_security_group.vpc_link_sg",
            "aws_subnet.ecommerce-subnet-private-1",
            "aws_subnet.ecommerce-subnet-private-2",
            "aws_vpc.ecommerce_vpc"
          ]
        }
      ]
    },
    {
      "mode": "managed",
      "type": "aws_apigatewayv2_route",
      "name": "route_cart_remove_product",
      "provider": "provider[\"registry.terraform.io/hashicorp/aws\"]",
      "instances": [
        {
          "schema_version": 0,
          "attributes": {
            "api_id": "heplb41p9j",
            "api_key_required": false,
            "authorization_scopes": [],
            "authorization_type": "NONE",
            "authorizer_id": "",
            "id": "aw2f84p",
            "model_selection_expression": "",
            "operation_name": "",
            "request_models": {},
            "request_parameter": [],
            "route_key": "DELETE /api/cart/{id}",
            "route_response_selection_expression": "",
            "target": "integrations/1w47gc6"
          },
          "sensitive_attributes": [],
          "private": "bnVsbA==",
          "dependencies": [
            "aws_apigatewayv2_api.ecommerceapi",
            "aws_apigatewayv2_integration.apigateway_private_integration_cart",
            "aws_apigatewayv2_vpc_link.ecommerceapi_link",
            "aws_lb.network_ecommerce_loadbalancer",
            "aws_lb_listener.nlb-listener-cart-service",
            "aws_lb_target_group.nlb-tg-5001-nlb",
            "aws_security_group.vpc_link_sg",
            "aws_subnet.ecommerce-subnet-private-1",
            "aws_subnet.ecommerce-subnet-private-2",
            "aws_vpc.ecommerce_vpc"
          ]
        }
      ]
    },
    {
      "mode": "managed",
      "type": "aws_apigatewayv2_route",
      "name": "route_login",
      "provider": "provider[\"registry.terraform.io/hashicorp/aws\"]",
      "instances": [
        {
          "schema_version": 0,
          "attributes": {
            "api_id": "heplb41p9j",
            "api_key_required": false,
            "authorization_scopes": [],
            "authorization_type": "NONE",
            "authorizer_id": "",
            "id": "5uk3b4t",
            "model_selection_expression": "",
            "operation_name": "",
            "request_models": {},
            "request_parameter": [],
            "route_key": "POST /api/login",
            "route_response_selection_expression": "",
            "target": "integrations/zf35wp2"
          },
          "sensitive_attributes": [],
          "private": "bnVsbA==",
          "dependencies": [
            "aws_apigatewayv2_api.ecommerceapi",
            "aws_apigatewayv2_integration.apigateway_private_integration_user",
            "aws_apigatewayv2_vpc_link.ecommerceapi_link",
            "aws_lb.network_ecommerce_loadbalancer",
            "aws_lb_listener.nlb-listener-user-service",
            "aws_lb_target_group.nlb-tg-6000-nlb",
            "aws_security_group.vpc_link_sg",
            "aws_subnet.ecommerce-subnet-private-1",
            "aws_subnet.ecommerce-subnet-private-2",
            "aws_vpc.ecommerce_vpc"
          ]
        }
      ]
    },
    {
      "mode": "managed",
      "type": "aws_apigatewayv2_route",
      "name": "route_products_create",
      "provider": "provider[\"registry.terraform.io/hashicorp/aws\"]",
      "instances": [
        {
          "schema_version": 0,
          "attributes": {
            "api_id": "heplb41p9j",
            "api_key_required": false,
            "authorization_scopes": [],
            "authorization_type": "NONE",
            "authorizer_id": "",
            "id": "3hq8ytl",
            "model_selection_expression": "",
            "operation_name": "",
            "request_models": {},
            "request_parameter": [],
            "route_key": "POST /api/product",
            "route_response_selection_expression": "",
            "target": "integrations/pfh6zmt"
          },
          "sensitive_attributes": [],
          "private": "bnVsbA==",
          "dependencies": [
            "aws_apigatewayv2_api.ecommerceapi",
            "aws_apigatewayv2_integration.apigateway_private_integration_products",
            "aws_apigatewayv2_vpc_link.ecommerceapi_link",
            "aws_lb.network_ecommerce_loadbalancer",
            "aws_lb_listener.nlb-listener-product-service",
            "aws_lb_target_group.nlb-tg-5000-nlb",
            "aws_security_group.vpc_link_sg",
            "aws_subnet.ecommerce-subnet-private-1",
            "aws_subnet.ecommerce-subnet-private-2",
            "aws_vpc.ecommerce_vpc"
          ]
        }
      ]
    },
    {
      "mode": "managed",
      "type": "aws_apigatewayv2_route",
      "name": "route_products_delete",
      "provider": "provider[\"registry.terraform.io/hashicorp/aws\"]",
      "instances": [
        {
          "schema_version": 0,
          "attributes": {
            "api_id": "heplb41p9j",
            "api_key_required": false,
            "authorization_scopes": [],
            "authorization_type": "NONE",
            "authorizer_id": "",
            "id": "c3ilbcf",
            "model_selection_expression": "",
            "operation_name": "",
            "request_models": {},
            "request_parameter": [],
            "route_key": "DELETE /api/product/{id}",
            "route_response_selection_expression": "",
            "target": "integrations/pfh6zmt"
          },
          "sensitive_attributes": [],
          "private": "bnVsbA==",
          "dependencies": [
            "aws_apigatewayv2_api.ecommerceapi",
            "aws_apigatewayv2_integration.apigateway_private_integration_products",
            "aws_apigatewayv2_vpc_link.ecommerceapi_link",
            "aws_lb.network_ecommerce_loadbalancer",
            "aws_lb_listener.nlb-listener-product-service",
            "aws_lb_target_group.nlb-tg-5000-nlb",
            "aws_security_group.vpc_link_sg",
            "aws_subnet.ecommerce-subnet-private-1",
            "aws_subnet.ecommerce-subnet-private-2",
            "aws_vpc.ecommerce_vpc"
          ]
        }
      ]
    },
    {
      "mode": "managed",
      "type": "aws_apigatewayv2_route",
      "name": "route_products_get_all",
      "provider": "provider[\"registry.terraform.io/hashicorp/aws\"]",
      "instances": [
        {
          "schema_version": 0,
          "attributes": {
            "api_id": "heplb41p9j",
            "api_key_required": false,
            "authorization_scopes": [],
            "authorization_type": "NONE",
            "authorizer_id": "",
            "id": "d7hhpck",
            "model_selection_expression": "",
            "operation_name": "",
            "request_models": {},
            "request_parameter": [],
            "route_key": "GET /api/product",
            "route_response_selection_expression": "",
            "target": "integrations/pfh6zmt"
          },
          "sensitive_attributes": [],
          "private": "bnVsbA==",
          "dependencies": [
            "aws_apigatewayv2_api.ecommerceapi",
            "aws_apigatewayv2_integration.apigateway_private_integration_products",
            "aws_apigatewayv2_vpc_link.ecommerceapi_link",
            "aws_lb.network_ecommerce_loadbalancer",
            "aws_lb_listener.nlb-listener-product-service",
            "aws_lb_target_group.nlb-tg-5000-nlb",
            "aws_security_group.vpc_link_sg",
            "aws_subnet.ecommerce-subnet-private-1",
            "aws_subnet.ecommerce-subnet-private-2",
            "aws_vpc.ecommerce_vpc"
          ]
        }
      ]
    },
    {
      "mode": "managed",
      "type": "aws_apigatewayv2_route",
      "name": "route_products_get_by_id",
      "provider": "provider[\"registry.terraform.io/hashicorp/aws\"]",
      "instances": [
        {
          "schema_version": 0,
          "attributes": {
            "api_id": "heplb41p9j",
            "api_key_required": false,
            "authorization_scopes": [],
            "authorization_type": "NONE",
            "authorizer_id": "",
            "id": "fy38qz4",
            "model_selection_expression": "",
            "operation_name": "",
            "request_models": {},
            "request_parameter": [],
            "route_key": "GET /api/product/{id}",
            "route_response_selection_expression": "",
            "target": "integrations/pfh6zmt"
          },
          "sensitive_attributes": [],
          "private": "bnVsbA==",
          "dependencies": [
            "aws_apigatewayv2_api.ecommerceapi",
            "aws_apigatewayv2_integration.apigateway_private_integration_products",
            "aws_apigatewayv2_vpc_link.ecommerceapi_link",
            "aws_lb.network_ecommerce_loadbalancer",
            "aws_lb_listener.nlb-listener-product-service",
            "aws_lb_target_group.nlb-tg-5000-nlb",
            "aws_security_group.vpc_link_sg",
            "aws_subnet.ecommerce-subnet-private-1",
            "aws_subnet.ecommerce-subnet-private-2",
            "aws_vpc.ecommerce_vpc"
          ]
        }
      ]
    },
    {
      "mode": "managed",
      "type": "aws_apigatewayv2_route",
      "name": "route_products_update",
      "provider": "provider[\"registry.terraform.io/hashicorp/aws\"]",
      "instances": [
        {
          "schema_version": 0,
          "attributes": {
            "api_id": "heplb41p9j",
            "api_key_required": false,
            "authorization_scopes": [],
            "authorization_type": "NONE",
            "authorizer_id": "",
            "id": "usz0a4p",
            "model_selection_expression": "",
            "operation_name": "",
            "request_models": {},
            "request_parameter": [],
            "route_key": "PUT /api/product/{id}",
            "route_response_selection_expression": "",
            "target": "integrations/pfh6zmt"
          },
          "sensitive_attributes": [],
          "private": "bnVsbA==",
          "dependencies": [
            "aws_apigatewayv2_api.ecommerceapi",
            "aws_apigatewayv2_integration.apigateway_private_integration_products",
            "aws_apigatewayv2_vpc_link.ecommerceapi_link",
            "aws_lb.network_ecommerce_loadbalancer",
            "aws_lb_listener.nlb-listener-product-service",
            "aws_lb_target_group.nlb-tg-5000-nlb",
            "aws_security_group.vpc_link_sg",
            "aws_subnet.ecommerce-subnet-private-1",
            "aws_subnet.ecommerce-subnet-private-2",
            "aws_vpc.ecommerce_vpc"
          ]
        }
      ]
    },
    {
      "mode": "managed",
      "type": "aws_apigatewayv2_route",
      "name": "route_signup",
      "provider": "provider[\"registry.terraform.io/hashicorp/aws\"]",
      "instances": [
        {
          "schema_version": 0,
          "attributes": {
            "api_id": "heplb41p9j",
            "api_key_required": false,
            "authorization_scopes": [],
            "authorization_type": "NONE",
            "authorizer_id": "",
            "id": "ayhotsu",
            "model_selection_expression": "",
            "operation_name": "",
            "request_models": {},
            "request_parameter": [],
            "route_key": "POST /api/user",
            "route_response_selection_expression": "",
            "target": "integrations/zf35wp2"
          },
          "sensitive_attributes": [],
          "private": "bnVsbA==",
          "dependencies": [
            "aws_apigatewayv2_api.ecommerceapi",
            "aws_apigatewayv2_integration.apigateway_private_integration_user",
            "aws_apigatewayv2_vpc_link.ecommerceapi_link",
            "aws_lb.network_ecommerce_loadbalancer",
            "aws_lb_listener.nlb-listener-user-service",
            "aws_lb_target_group.nlb-tg-6000-nlb",
            "aws_security_group.vpc_link_sg",
            "aws_subnet.ecommerce-subnet-private-1",
            "aws_subnet.ecommerce-subnet-private-2",
            "aws_vpc.ecommerce_vpc"
          ]
        }
      ]
    },
    {
      "mode": "managed",
      "type": "aws_apigatewayv2_stage",
      "name": "ecommerce_api_dev",
      "provider": "provider[\"registry.terraform.io/hashicorp/aws\"]",
      "instances": [
        {
          "schema_version": 0,
          "attributes": {
            "access_log_settings": [],
            "api_id": "heplb41p9j",
            "arn": "arn:aws:apigateway:us-east-1::/apis/heplb41p9j/stages/$default",
            "auto_deploy": true,
            "client_certificate_id": "",
            "default_route_settings": [
              {
                "data_trace_enabled": false,
                "detailed_metrics_enabled": false,
                "logging_level": "",
                "throttling_burst_limit": 0,
                "throttling_rate_limit": 0
              }
            ],
            "deployment_id": "n3w3wc",
            "description": "",
            "execution_arn": "arn:aws:execute-api:us-east-1:864450723917:heplb41p9j/$default",
            "id": "$default",
            "invoke_url": "https://heplb41p9j.execute-api.us-east-1.amazonaws.com/",
            "name": "$default",
            "route_settings": [],
            "stage_variables": {},
            "tags": {},
            "tags_all": {}
          },
          "sensitive_attributes": [],
          "private": "bnVsbA==",
          "dependencies": [
            "aws_apigatewayv2_api.ecommerceapi"
          ]
        }
      ]
    },
    {
      "mode": "managed",
      "type": "aws_apigatewayv2_vpc_link",
      "name": "ecommerceapi_link",
      "provider": "provider[\"registry.terraform.io/hashicorp/aws\"]",
      "instances": [
        {
          "schema_version": 0,
          "attributes": {
            "arn": "arn:aws:apigateway:us-east-1::/vpclinks/fozthm",
            "id": "fozthm",
            "name": "ecomm",
            "security_group_ids": [
              "sg-0135091fed0f3f3be"
            ],
            "subnet_ids": [
              "subnet-090b974c68e795932",
              "subnet-0d99082fc74bdddf2"
            ],
            "tags": {},
            "tags_all": {}
          },
          "sensitive_attributes": [],
          "private": "bnVsbA==",
          "dependencies": [
            "aws_security_group.vpc_link_sg",
            "aws_subnet.ecommerce-subnet-private-1",
            "aws_subnet.ecommerce-subnet-private-2",
            "aws_vpc.ecommerce_vpc"
          ]
        }
      ]
    },
    {
      "mode": "managed",
      "type": "aws_db_instance",
      "name": "default",
      "provider": "provider[\"registry.terraform.io/hashicorp/aws\"]",
      "instances": [
        {
          "schema_version": 1,
          "attributes": {
            "address": "ecommerce-db.co6eu4jgzr6s.us-east-1.rds.amazonaws.com",
            "allocated_storage": 5,
            "allow_major_version_upgrade": null,
            "apply_immediately": null,
            "arn": "arn:aws:rds:us-east-1:864450723917:db:ecommerce-db",
            "auto_minor_version_upgrade": true,
            "availability_zone": "us-east-1a",
            "backup_retention_period": 0,
            "backup_window": "04:47-05:17",
            "ca_cert_identifier": "rds-ca-2019",
            "character_set_name": "",
            "copy_tags_to_snapshot": false,
            "customer_owned_ip_enabled": false,
            "db_name": "mysql_instance",
            "db_subnet_group_name": "default",
            "delete_automated_backups": true,
            "deletion_protection": false,
            "domain": "",
            "domain_iam_role_name": "",
            "enabled_cloudwatch_logs_exports": [],
            "endpoint": "ecommerce-db.co6eu4jgzr6s.us-east-1.rds.amazonaws.com:3306",
            "engine": "mysql",
            "engine_version": "5.7",
            "engine_version_actual": "5.7.37",
            "final_snapshot_identifier": null,
            "hosted_zone_id": "Z2R2ITUGPM61AM",
            "iam_database_authentication_enabled": false,
            "id": "ecommerce-db",
            "identifier": "ecommerce-db",
            "identifier_prefix": "",
            "instance_class": "db.t2.micro",
            "iops": 0,
            "kms_key_id": "",
            "latest_restorable_time": "0001-01-01T00:00:00Z",
            "license_model": "general-public-license",
            "maintenance_window": "tue:06:10-tue:06:40",
            "max_allocated_storage": 0,
            "monitoring_interval": 0,
            "monitoring_role_arn": "",
            "multi_az": false,
            "name": "mysql_instance",
            "nchar_character_set_name": "",
            "option_group_name": "default:mysql-5-7",
            "parameter_group_name": "default.mysql5.7",
            "password": "dev12345",
            "performance_insights_enabled": false,
            "performance_insights_kms_key_id": "",
            "performance_insights_retention_period": 0,
            "port": 3306,
            "publicly_accessible": false,
            "replica_mode": "",
            "replicas": [],
            "replicate_source_db": "",
            "resource_id": "db-F3MC6JSLCEO2BSWVWOKSQ6KK3U",
            "restore_to_point_in_time": [],
            "s3_import": [],
            "security_group_names": [],
            "skip_final_snapshot": true,
            "snapshot_identifier": null,
            "status": "available",
            "storage_encrypted": false,
            "storage_type": "gp2",
            "tags": {},
            "tags_all": {},
            "timeouts": null,
            "timezone": "",
            "username": "dbadmin",
            "vpc_security_group_ids": [
              "sg-0323eb9c0bcb2c15f"
            ]
          },
          "sensitive_attributes": [],
          "private": "eyJlMmJmYjczMC1lY2FhLTExZTYtOGY4OC0zNDM2M2JjN2M0YzAiOnsiY3JlYXRlIjoyNDAwMDAwMDAwMDAwLCJkZWxldGUiOjM2MDAwMDAwMDAwMDAsInVwZGF0ZSI6NDgwMDAwMDAwMDAwMH0sInNjaGVtYV92ZXJzaW9uIjoiMSJ9"
        }
      ]
    },
    {
      "mode": "managed",
      "type": "aws_dynamodb_table",
      "name": "dynamo_products_table",
      "provider": "provider[\"registry.terraform.io/hashicorp/aws\"]",
      "instances": [
        {
          "schema_version": 1,
          "attributes": {
            "arn": "arn:aws:dynamodb:us-east-1:864450723917:table/products",
            "attribute": [
              {
                "name": "ProductId",
                "type": "S"
              }
            ],
            "billing_mode": "PROVISIONED",
            "global_secondary_index": [],
            "hash_key": "ProductId",
            "id": "products",
            "local_secondary_index": [],
            "name": "products",
            "point_in_time_recovery": [
              {
                "enabled": false
              }
            ],
            "range_key": null,
            "read_capacity": 20,
            "replica": [],
            "restore_date_time": null,
            "restore_source_name": null,
            "restore_to_latest_time": null,
            "server_side_encryption": [],
            "stream_arn": "",
            "stream_enabled": false,
            "stream_label": "",
            "stream_view_type": "",
            "table_class": "",
            "tags": {},
            "tags_all": {},
            "timeouts": null,
            "ttl": [
              {
                "attribute_name": "",
                "enabled": false
              }
            ],
            "write_capacity": 20
          },
          "sensitive_attributes": [],
          "private": "eyJlMmJmYjczMC1lY2FhLTExZTYtOGY4OC0zNDM2M2JjN2M0YzAiOnsiY3JlYXRlIjoxODAwMDAwMDAwMDAwLCJkZWxldGUiOjYwMDAwMDAwMDAwMCwidXBkYXRlIjozNjAwMDAwMDAwMDAwfSwic2NoZW1hX3ZlcnNpb24iOiIxIn0="
        }
      ]
    },
    {
      "mode": "managed",
      "type": "aws_dynamodb_table",
      "name": "dynamo_users_table",
      "provider": "provider[\"registry.terraform.io/hashicorp/aws\"]",
      "instances": [
        {
          "schema_version": 1,
          "attributes": {
            "arn": "arn:aws:dynamodb:us-east-1:864450723917:table/users",
            "attribute": [
              {
                "name": "UserId",
                "type": "S"
              },
              {
                "name": "UserName",
                "type": "S"
              }
            ],
            "billing_mode": "PROVISIONED",
            "global_secondary_index": [
              {
                "hash_key": "UserName",
                "name": "UserNameIndex",
                "non_key_attributes": [],
                "projection_type": "ALL",
                "range_key": "",
                "read_capacity": 1,
                "write_capacity": 1
              }
            ],
            "hash_key": "UserId",
            "id": "users",
            "local_secondary_index": [],
            "name": "users",
            "point_in_time_recovery": [
              {
                "enabled": false
              }
            ],
            "range_key": null,
            "read_capacity": 2,
            "replica": [],
            "restore_date_time": null,
            "restore_source_name": null,
            "restore_to_latest_time": null,
            "server_side_encryption": [],
            "stream_arn": "",
            "stream_enabled": false,
            "stream_label": "",
            "stream_view_type": "",
            "table_class": "",
            "tags": {},
            "tags_all": {},
            "timeouts": null,
            "ttl": [
              {
                "attribute_name": "",
                "enabled": false
              }
            ],
            "write_capacity": 2
          },
          "sensitive_attributes": [],
          "private": "eyJlMmJmYjczMC1lY2FhLTExZTYtOGY4OC0zNDM2M2JjN2M0YzAiOnsiY3JlYXRlIjoxODAwMDAwMDAwMDAwLCJkZWxldGUiOjYwMDAwMDAwMDAwMCwidXBkYXRlIjozNjAwMDAwMDAwMDAwfSwic2NoZW1hX3ZlcnNpb24iOiIxIn0="
        }
      ]
    },
    {
      "mode": "managed",
      "type": "aws_ecr_repository",
      "name": "default",
      "provider": "provider[\"registry.terraform.io/hashicorp/aws\"]",
      "instances": [
        {
          "schema_version": 0,
          "attributes": {
            "arn": "arn:aws:ecr:us-east-1:864450723917:repository/ecom",
            "encryption_configuration": [
              {
                "encryption_type": "AES256",
                "kms_key": ""
              }
            ],
            "id": "ecom",
            "image_scanning_configuration": [
              {
                "scan_on_push": false
              }
            ],
            "image_tag_mutability": "IMMUTABLE",
            "name": "ecom",
            "registry_id": "864450723917",
            "repository_url": "864450723917.dkr.ecr.us-east-1.amazonaws.com/ecom",
            "tags": null,
            "tags_all": {},
            "timeouts": null
          },
          "sensitive_attributes": [],
          "private": "eyJlMmJmYjczMC1lY2FhLTExZTYtOGY4OC0zNDM2M2JjN2M0YzAiOnsiZGVsZXRlIjoxMjAwMDAwMDAwMDAwfX0=",
          "dependencies": [
            "data.aws_caller_identity.current"
          ]
        }
      ]
    },
    {
      "mode": "managed",
      "type": "aws_ecr_repository_policy",
      "name": "ecom_repo_policy",
      "provider": "provider[\"registry.terraform.io/hashicorp/aws\"]",
      "instances": [
        {
          "schema_version": 0,
          "attributes": {
            "id": "ecom",
            "policy": "{\"Statement\":[{\"Action\":[\"ecr:GetDownloadUrlForLayer\",\"ecr:BatchGetImage\",\"ecr:BatchCheckLayerAvailability\",\"ecr:PutImage\",\"ecr:InitiateLayerUpload\",\"ecr:UploadLayerPart\",\"ecr:CompleteLayerUpload\",\"ecr:DescribeRepositories\",\"ecr:GetRepositoryPolicy\",\"ecr:ListImages\",\"ecr:DeleteRepository\",\"ecr:BatchDeleteImage\",\"ecr:SetRepositoryPolicy\",\"ecr:DeleteRepositoryPolicy\"],\"Effect\":\"Allow\",\"Principal\":\"*\",\"Sid\":\"new policy\"}],\"Version\":\"2008-10-17\"}",
            "registry_id": "864450723917",
            "repository": "ecom"
          },
          "sensitive_attributes": [],
          "private": "bnVsbA==",
          "dependencies": [
            "aws_ecr_repository.default",
            "data.aws_caller_identity.current"
          ]
        }
      ]
    },
    {
      "mode": "managed",
      "type": "aws_ecs_cluster",
      "name": "ecom_cluster",
      "provider": "provider[\"registry.terraform.io/hashicorp/aws\"]",
      "instances": [
        {
          "schema_version": 0,
          "attributes": {
            "arn": "arn:aws:ecs:us-east-1:864450723917:cluster/ecom",
            "capacity_providers": [],
            "configuration": [],
            "default_capacity_provider_strategy": [],
            "id": "arn:aws:ecs:us-east-1:864450723917:cluster/ecom",
            "name": "ecom",
            "setting": [
              {
                "name": "containerInsights",
                "value": "disabled"
              }
            ],
            "tags": {},
            "tags_all": {}
          },
          "sensitive_attributes": [],
          "private": "bnVsbA=="
        }
      ]
    },
    {
      "mode": "managed",
      "type": "aws_ecs_service",
      "name": "default",
      "provider": "provider[\"registry.terraform.io/hashicorp/aws\"]",
      "instances": [
        {
          "schema_version": 0,
          "attributes": {
            "capacity_provider_strategy": [],
            "cluster": "arn:aws:ecs:us-east-1:864450723917:cluster/ecom",
            "deployment_circuit_breaker": [
              {
                "enable": false,
                "rollback": false
              }
            ],
            "deployment_controller": [
              {
                "type": "ECS"
              }
            ],
            "deployment_maximum_percent": 200,
            "deployment_minimum_healthy_percent": 100,
            "desired_count": 1,
            "enable_ecs_managed_tags": false,
            "enable_execute_command": false,
            "force_new_deployment": null,
            "health_check_grace_period_seconds": 0,
            "iam_role": null,
            "id": "arn:aws:ecs:us-east-1:864450723917:service/ecom/ecom-ecs-service",
            "launch_type": "EC2",
            "load_balancer": [],
            "name": "ecom-ecs-service",
            "network_configuration": [],
            "ordered_placement_strategy": [],
            "placement_constraints": [],
            "platform_version": "",
            "propagate_tags": "NONE",
            "scheduling_strategy": "REPLICA",
            "service_registries": [],
            "tags": null,
            "tags_all": {},
            "task_definition": "arn:aws:ecs:us-east-1:864450723917:task-definition/ecommerce_family:29",
            "timeouts": null,
            "wait_for_steady_state": false
          },
          "sensitive_attributes": [],
          "private": "eyJlMmJmYjczMC1lY2FhLTExZTYtOGY4OC0zNDM2M2JjN2M0YzAiOnsiZGVsZXRlIjoxMjAwMDAwMDAwMDAwfX0=",
          "dependencies": [
            "aws_ecr_repository.default",
            "aws_ecs_cluster.ecom_cluster",
            "aws_ecs_task_definition.ecom_ecs_task",
            "data.aws_caller_identity.current"
          ]
        }
      ]
    },
    {
      "mode": "managed",
      "type": "aws_ecs_task_definition",
      "name": "ecom_ecs_task",
      "provider": "provider[\"registry.terraform.io/hashicorp/aws\"]",
      "instances": [
        {
          "schema_version": 1,
          "attributes": {
            "arn": "arn:aws:ecs:us-east-1:864450723917:task-definition/ecommerce_family:29",
            "container_definitions": "[{\"cpu\":200,\"environment\":[],\"essential\":true,\"image\":\"864450723917.dkr.ecr.us-east-1.amazonaws.com/ecom:product-service-v1\",\"memory\":100,\"mountPoints\":[],\"name\":\"product-service\",\"portMappings\":[{\"containerPort\":5000,\"hostPort\":5000,\"protocol\":\"tcp\"}],\"volumesFrom\":[]},{\"cpu\":200,\"environment\":[],\"essential\":true,\"image\":\"864450723917.dkr.ecr.us-east-1.amazonaws.com/ecom:user-service-v1\",\"memory\":100,\"mountPoints\":[],\"name\":\"user-service\",\"portMappings\":[{\"containerPort\":6000,\"hostPort\":6000,\"protocol\":\"tcp\"}],\"volumesFrom\":[]},{\"cpu\":200,\"environment\":[],\"essential\":true,\"image\":\"864450723917.dkr.ecr.us-east-1.amazonaws.com/ecom:cart-service-v1\",\"memory\":100,\"mountPoints\":[],\"name\":\"cart-service\",\"portMappings\":[{\"containerPort\":5001,\"hostPort\":5001,\"protocol\":\"tcp\"}],\"volumesFrom\":[]}]",
            "cpu": "",
            "ephemeral_storage": [],
            "execution_role_arn": "",
            "family": "ecommerce_family",
            "id": "ecommerce_family",
            "inference_accelerator": [],
            "ipc_mode": "",
            "memory": "",
            "network_mode": "host",
            "pid_mode": "",
            "placement_constraints": [],
            "proxy_configuration": [],
            "requires_compatibilities": [
              "EC2"
            ],
            "revision": 29,
            "runtime_platform": [],
            "skip_destroy": false,
            "tags": null,
            "tags_all": {},
            "task_role_arn": "",
            "volume": []
          },
          "sensitive_attributes": [],
          "private": "eyJzY2hlbWFfdmVyc2lvbiI6IjEifQ==",
          "dependencies": [
            "aws_ecr_repository.default",
            "data.aws_caller_identity.current"
          ]
        }
      ]
    },
    {
      "mode": "managed",
      "type": "aws_iam_instance_profile",
      "name": "ec2_instance_profile",
      "provider": "provider[\"registry.terraform.io/hashicorp/aws\"]",
      "instances": [
        {
          "schema_version": 0,
          "attributes": {
            "arn": "arn:aws:iam::864450723917:instance-profile/Ecommerce-EC2-Instance-Profile",
            "create_date": "2022-06-01T12:45:42Z",
            "id": "Ecommerce-EC2-Instance-Profile",
            "name": "Ecommerce-EC2-Instance-Profile",
            "name_prefix": null,
            "path": "/",
            "role": "ec2_role",
            "tags": {},
            "tags_all": {},
            "unique_id": "AIPA4SRKHIBGUCOIZCVOG"
          },
          "sensitive_attributes": [],
          "private": "bnVsbA==",
          "dependencies": [
            "aws_iam_role.default",
            "data.aws_iam_policy_document.default"
          ]
        }
      ]
    },
    {
      "mode": "managed",
      "type": "aws_iam_role",
      "name": "default",
      "provider": "provider[\"registry.terraform.io/hashicorp/aws\"]",
      "instances": [
        {
          "schema_version": 0,
          "attributes": {
            "arn": "arn:aws:iam::864450723917:role/ec2_role",
            "assume_role_policy": "{\"Version\":\"2012-10-17\",\"Statement\":[{\"Sid\":\"\",\"Effect\":\"Allow\",\"Principal\":{\"Service\":\"ec2.amazonaws.com\"},\"Action\":\"sts:AssumeRole\"}]}",
            "create_date": "2022-06-01T12:45:40Z",
            "description": "",
            "force_detach_policies": false,
            "id": "ec2_role",
            "inline_policy": [
              {
                "name": "cloudmap_policy",
                "policy": "{\"Statement\":[{\"Action\":[\"servicediscovery:RegisterInstance\",\"servicediscovery:DeregisterInstance\",\"servicediscovery:DiscoverInstances\",\"servicediscovery:Get*\",\"servicediscovery:List*\",\"route53:GetHostedZone\",\"route53:ListHostedZonesByName\",\"route53:ChangeResourceRecordSets\",\"route53:CreateHealthCheck\",\"route53:GetHealthCheck\",\"route53:DeleteHealthCheck\",\"route53:UpdateHealthCheck\",\"ec2:DescribeInstances\"],\"Effect\":\"Allow\",\"Resource\":\"*\",\"Sid\":\"AllowInstancePermissions\"}],\"Version\":\"2012-10-17\"}"
              },
              {
                "name": "dynamodb_policy",
                "policy": "{\"Statement\":[{\"Action\":[\"dynamodb:*\"],\"Effect\":\"Allow\",\"Resource\":\"*\"}],\"Version\":\"2012-10-17\"}"
              }
            ],
            "managed_policy_arns": [
              "arn:aws:iam::aws:policy/service-role/AmazonEC2ContainerServiceforEC2Role"
            ],
            "max_session_duration": 3600,
            "name": "ec2_role",
            "name_prefix": "",
            "path": "/",
            "permissions_boundary": null,
            "tags": {},
            "tags_all": {},
            "unique_id": "AROA4SRKHIBG6D4R2A6HA"
          },
          "sensitive_attributes": [],
          "private": "bnVsbA==",
          "dependencies": [
            "data.aws_iam_policy_document.default"
          ]
        }
      ]
    },
    {
      "mode": "managed",
      "type": "aws_iam_role_policy",
      "name": "cloud_map_policity",
      "provider": "provider[\"registry.terraform.io/hashicorp/aws\"]",
      "instances": [
        {
          "schema_version": 0,
          "attributes": {
            "id": "ec2_role:cloudmap_policy",
            "name": "cloudmap_policy",
            "name_prefix": null,
            "policy": "{\"Statement\":[{\"Action\":[\"servicediscovery:RegisterInstance\",\"servicediscovery:DeregisterInstance\",\"servicediscovery:DiscoverInstances\",\"servicediscovery:Get*\",\"servicediscovery:List*\",\"route53:GetHostedZone\",\"route53:ListHostedZonesByName\",\"route53:ChangeResourceRecordSets\",\"route53:CreateHealthCheck\",\"route53:GetHealthCheck\",\"route53:DeleteHealthCheck\",\"route53:UpdateHealthCheck\",\"ec2:DescribeInstances\"],\"Effect\":\"Allow\",\"Resource\":\"*\",\"Sid\":\"AllowInstancePermissions\"}],\"Version\":\"2012-10-17\"}",
            "role": "ec2_role"
          },
          "sensitive_attributes": [],
          "private": "bnVsbA==",
          "dependencies": [
            "aws_iam_role.default",
            "data.aws_iam_policy_document.default"
          ]
        }
      ]
    },
    {
      "mode": "managed",
      "type": "aws_iam_role_policy",
      "name": "dynamodb-policy",
      "provider": "provider[\"registry.terraform.io/hashicorp/aws\"]",
      "instances": [
        {
          "schema_version": 0,
          "attributes": {
            "id": "ec2_role:dynamodb_policy",
            "name": "dynamodb_policy",
            "name_prefix": null,
            "policy": "{\"Statement\":[{\"Action\":[\"dynamodb:*\"],\"Effect\":\"Allow\",\"Resource\":\"*\"}],\"Version\":\"2012-10-17\"}",
            "role": "ec2_role"
          },
          "sensitive_attributes": [],
          "private": "bnVsbA==",
          "dependencies": [
            "aws_iam_role.default",
            "data.aws_iam_policy_document.default"
          ]
        }
      ]
    },
    {
      "mode": "managed",
      "type": "aws_iam_role_policy_attachment",
      "name": "rpa_ec2containerservice",
      "provider": "provider[\"registry.terraform.io/hashicorp/aws\"]",
      "instances": [
        {
          "schema_version": 0,
          "attributes": {
            "id": "ec2_role-20220601124542842700000002",
            "policy_arn": "arn:aws:iam::aws:policy/service-role/AmazonEC2ContainerServiceforEC2Role",
            "role": "ec2_role"
          },
          "sensitive_attributes": [],
          "private": "bnVsbA==",
          "dependencies": [
            "aws_iam_role.default",
            "data.aws_iam_policy_document.default"
          ]
        }
      ]
    },
    {
      "mode": "managed",
      "type": "aws_instance",
      "name": "ecommerce_machine",
      "provider": "provider[\"registry.terraform.io/hashicorp/aws\"]",
      "instances": [
        {
          "schema_version": 1,
          "attributes": {
            "ami": "ami-0dce57de6dcc3a6cc",
            "arn": "arn:aws:ec2:us-east-1:864450723917:instance/i-08da73cb917805779",
            "associate_public_ip_address": true,
            "availability_zone": "us-east-1a",
            "capacity_reservation_specification": [
              {
                "capacity_reservation_preference": "open",
                "capacity_reservation_target": []
              }
            ],
            "cpu_core_count": 1,
            "cpu_threads_per_core": 1,
            "credit_specification": [
              {
                "cpu_credits": "standard"
              }
            ],
            "disable_api_termination": false,
            "ebs_block_device": [
              {
                "delete_on_termination": true,
                "device_name": "/dev/xvdcz",
                "encrypted": false,
                "iops": 100,
                "kms_key_id": "",
                "snapshot_id": "snap-060bce496cdf0294b",
                "tags": {},
                "throughput": 0,
                "volume_id": "vol-061b4ccd48080e7d9",
                "volume_size": 22,
                "volume_type": "gp2"
              }
            ],
            "ebs_optimized": false,
            "enclave_options": [
              {
                "enabled": false
              }
            ],
            "ephemeral_block_device": [],
            "get_password_data": false,
            "hibernation": false,
            "host_id": null,
            "iam_instance_profile": "Ecommerce-EC2-Instance-Profile",
            "id": "i-08da73cb917805779",
            "instance_initiated_shutdown_behavior": "stop",
            "instance_state": "running",
            "instance_type": "t2.micro",
            "ipv6_address_count": 0,
            "ipv6_addresses": [],
            "key_name": "ec2api",
            "launch_template": [],
            "maintenance_options": [
              {
                "auto_recovery": "default"
              }
            ],
            "metadata_options": [
              {
                "http_endpoint": "enabled",
                "http_put_response_hop_limit": 1,
                "http_tokens": "optional",
                "instance_metadata_tags": "disabled"
              }
            ],
            "monitoring": false,
            "network_interface": [],
            "outpost_arn": "",
            "password_data": "",
            "placement_group": "",
            "placement_partition_number": null,
            "primary_network_interface_id": "eni-04a4399359cdb2bfd",
            "private_dns": "ip-10-0-1-132.ec2.internal",
            "private_ip": "10.0.1.132",
            "public_dns": "ec2-54-227-184-192.compute-1.amazonaws.com",
            "public_ip": "54.227.184.192",
            "root_block_device": [
              {
                "delete_on_termination": true,
                "device_name": "/dev/xvda",
                "encrypted": false,
                "iops": 100,
                "kms_key_id": "",
                "tags": {},
                "throughput": 0,
                "volume_id": "vol-0c9d40c731b3824df",
                "volume_size": 8,
                "volume_type": "gp2"
              }
            ],
            "secondary_private_ips": [],
            "security_groups": [
              "sg-0194ec08d50e2c697"
            ],
            "source_dest_check": true,
            "subnet_id": "subnet-0725467413e1d114f",
            "tags": {
              "Environment": "production",
              "Name": "Transaction service",
              "Provisioner": "Terraform",
              "Repo": "github.com/lgarcia93/app"
            },
            "tags_all": {
              "Environment": "production",
              "Name": "Transaction service",
              "Provisioner": "Terraform",
              "Repo": "github.com/lgarcia93/app"
            },
            "tenancy": "default",
            "timeouts": null,
            "user_data": "5f2c7a0e74e11a36b583d9baf53c5176ebae2254",
            "user_data_base64": null,
            "user_data_replace_on_change": false,
            "volume_tags": null,
            "vpc_security_group_ids": [
              "sg-0194ec08d50e2c697"
            ]
          },
          "sensitive_attributes": [],
          "private": "eyJlMmJmYjczMC1lY2FhLTExZTYtOGY4OC0zNDM2M2JjN2M0YzAiOnsiY3JlYXRlIjo2MDAwMDAwMDAwMDAsImRlbGV0ZSI6MTIwMDAwMDAwMDAwMCwidXBkYXRlIjo2MDAwMDAwMDAwMDB9LCJzY2hlbWFfdmVyc2lvbiI6IjEifQ==",
          "dependencies": [
            "aws_ecs_cluster.ecom_cluster",
            "aws_iam_instance_profile.ec2_instance_profile",
            "aws_security_group.ecommerce_machine_sg",
            "aws_subnet.ecommerce-subnet-public-1"
          ]
        }
      ]
    },
    {
      "mode": "managed",
      "type": "aws_internet_gateway",
      "name": "ecom_internet_gateway",
      "provider": "provider[\"registry.terraform.io/hashicorp/aws\"]",
      "instances": [
        {
          "schema_version": 0,
          "attributes": {
            "arn": "arn:aws:ec2:us-east-1:864450723917:internet-gateway/igw-07dc2c64399e697ea",
            "id": "igw-07dc2c64399e697ea",
            "owner_id": "864450723917",
            "tags": {
              "Name": "Ecom IGW"
            },
            "tags_all": {
              "Name": "Ecom IGW"
            },
            "vpc_id": "vpc-01a4c148aa0d5d9e1"
          },
          "sensitive_attributes": [],
          "private": "bnVsbA==",
          "dependencies": [
            "aws_vpc.ecommerce_vpc"
          ]
        }
      ]
    },
    {
      "mode": "managed",
      "type": "aws_lb",
      "name": "ecom_alb",
      "provider": "provider[\"registry.terraform.io/hashicorp/aws\"]",
      "instances": [
        {
          "schema_version": 0,
          "attributes": {
            "access_logs": [
              {
                "bucket": "",
                "enabled": false,
                "prefix": ""
              }
            ],
            "arn": "arn:aws:elasticloadbalancing:us-east-1:864450723917:loadbalancer/app/ecom-alb/29477c366483b140",
            "arn_suffix": "app/ecom-alb/29477c366483b140",
            "customer_owned_ipv4_pool": "",
            "desync_mitigation_mode": "defensive",
            "dns_name": "internal-ecom-alb-625586745.us-east-1.elb.amazonaws.com",
            "drop_invalid_header_fields": false,
            "enable_cross_zone_load_balancing": null,
            "enable_deletion_protection": false,
            "enable_http2": true,
            "enable_waf_fail_open": false,
            "id": "arn:aws:elasticloadbalancing:us-east-1:864450723917:loadbalancer/app/ecom-alb/29477c366483b140",
            "idle_timeout": 60,
            "internal": true,
            "ip_address_type": "ipv4",
            "load_balancer_type": "application",
            "name": "ecom-alb",
            "name_prefix": null,
            "security_groups": [
              "sg-051939ed2574264df"
            ],
            "subnet_mapping": [
              {
                "allocation_id": "",
                "ipv6_address": "",
                "outpost_id": "",
                "private_ipv4_address": "",
                "subnet_id": "subnet-090b974c68e795932"
              },
              {
                "allocation_id": "",
                "ipv6_address": "",
                "outpost_id": "",
                "private_ipv4_address": "",
                "subnet_id": "subnet-0d99082fc74bdddf2"
              }
            ],
            "subnets": [
              "subnet-090b974c68e795932",
              "subnet-0d99082fc74bdddf2"
            ],
            "tags": {},
            "tags_all": {},
            "timeouts": null,
            "vpc_id": "vpc-01a4c148aa0d5d9e1",
            "zone_id": "Z35SXDOTRQ7X7K"
          },
          "sensitive_attributes": [],
          "private": "eyJlMmJmYjczMC1lY2FhLTExZTYtOGY4OC0zNDM2M2JjN2M0YzAiOnsiY3JlYXRlIjo2MDAwMDAwMDAwMDAsImRlbGV0ZSI6NjAwMDAwMDAwMDAwLCJ1cGRhdGUiOjYwMDAwMDAwMDAwMH19",
          "dependencies": [
            "aws_lb.network_ecommerce_loadbalancer",
            "aws_security_group.alb_security_group",
            "aws_subnet.ecommerce-subnet-private-1",
            "aws_subnet.ecommerce-subnet-private-2",
            "aws_vpc.ecommerce_vpc"
          ]
        }
      ]
    },
    {
      "mode": "managed",
      "type": "aws_lb",
      "name": "network_ecommerce_loadbalancer",
      "provider": "provider[\"registry.terraform.io/hashicorp/aws\"]",
      "instances": [
        {
          "schema_version": 0,
          "attributes": {
            "access_logs": [
              {
                "bucket": "",
                "enabled": false,
                "prefix": ""
              }
            ],
            "arn": "arn:aws:elasticloadbalancing:us-east-1:864450723917:loadbalancer/net/ecom-nlb/cdabda6fa2822145",
            "arn_suffix": "net/ecom-nlb/cdabda6fa2822145",
            "customer_owned_ipv4_pool": "",
            "desync_mitigation_mode": null,
            "dns_name": "ecom-nlb-cdabda6fa2822145.elb.us-east-1.amazonaws.com",
            "drop_invalid_header_fields": null,
            "enable_cross_zone_load_balancing": false,
            "enable_deletion_protection": false,
            "enable_http2": null,
            "enable_waf_fail_open": null,
            "id": "arn:aws:elasticloadbalancing:us-east-1:864450723917:loadbalancer/net/ecom-nlb/cdabda6fa2822145",
            "idle_timeout": null,
            "internal": true,
            "ip_address_type": "ipv4",
            "load_balancer_type": "network",
            "name": "ecom-nlb",
            "name_prefix": null,
            "security_groups": [],
            "subnet_mapping": [
              {
                "allocation_id": "",
                "ipv6_address": "",
                "outpost_id": "",
                "private_ipv4_address": "",
                "subnet_id": "subnet-090b974c68e795932"
              },
              {
                "allocation_id": "",
                "ipv6_address": "",
                "outpost_id": "",
                "private_ipv4_address": "",
                "subnet_id": "subnet-0d99082fc74bdddf2"
              }
            ],
            "subnets": [
              "subnet-090b974c68e795932",
              "subnet-0d99082fc74bdddf2"
            ],
            "tags": {},
            "tags_all": {},
            "timeouts": null,
            "vpc_id": "vpc-01a4c148aa0d5d9e1",
            "zone_id": "Z26RNL4JYFTOTI"
          },
          "sensitive_attributes": [],
          "private": "eyJlMmJmYjczMC1lY2FhLTExZTYtOGY4OC0zNDM2M2JjN2M0YzAiOnsiY3JlYXRlIjo2MDAwMDAwMDAwMDAsImRlbGV0ZSI6NjAwMDAwMDAwMDAwLCJ1cGRhdGUiOjYwMDAwMDAwMDAwMH19",
          "dependencies": [
            "aws_subnet.ecommerce-subnet-private-1",
            "aws_subnet.ecommerce-subnet-private-2",
            "aws_vpc.ecommerce_vpc"
          ]
        }
      ]
    },
    {
      "mode": "managed",
      "type": "aws_lb_listener",
      "name": "alb_cart_listener",
      "provider": "provider[\"registry.terraform.io/hashicorp/aws\"]",
      "instances": [
        {
          "schema_version": 0,
          "attributes": {
            "alpn_policy": null,
            "arn": "arn:aws:elasticloadbalancing:us-east-1:864450723917:listener/app/ecom-alb/29477c366483b140/73af2f9babbf6f43",
            "certificate_arn": null,
            "default_action": [
              {
                "authenticate_cognito": [],
                "authenticate_oidc": [],
                "fixed_response": [],
                "forward": [],
                "order": 1,
                "redirect": [],
                "target_group_arn": "arn:aws:elasticloadbalancing:us-east-1:864450723917:targetgroup/alb-tg-5001-alb/865e780bd5e1f53d",
                "type": "forward"
              }
            ],
            "id": "arn:aws:elasticloadbalancing:us-east-1:864450723917:listener/app/ecom-alb/29477c366483b140/73af2f9babbf6f43",
            "load_balancer_arn": "arn:aws:elasticloadbalancing:us-east-1:864450723917:loadbalancer/app/ecom-alb/29477c366483b140",
            "port": 5001,
            "protocol": "HTTP",
            "ssl_policy": "",
            "tags": {},
            "tags_all": {},
            "timeouts": null
          },
          "sensitive_attributes": [],
          "private": "eyJlMmJmYjczMC1lY2FhLTExZTYtOGY4OC0zNDM2M2JjN2M0YzAiOnsicmVhZCI6NjAwMDAwMDAwMDAwfX0=",
          "dependencies": [
            "aws_lb.ecom_alb",
            "aws_lb.network_ecommerce_loadbalancer",
            "aws_lb_target_group.alb-tg-5001-alb",
            "aws_security_group.alb_security_group",
            "aws_subnet.ecommerce-subnet-private-1",
            "aws_subnet.ecommerce-subnet-private-2",
            "aws_vpc.ecommerce_vpc"
          ]
        }
      ]
    },
    {
      "mode": "managed",
      "type": "aws_lb_listener",
      "name": "alb_products_listener",
      "provider": "provider[\"registry.terraform.io/hashicorp/aws\"]",
      "instances": [
        {
          "schema_version": 0,
          "attributes": {
            "alpn_policy": null,
            "arn": "arn:aws:elasticloadbalancing:us-east-1:864450723917:listener/app/ecom-alb/29477c366483b140/ede6a2b110847de0",
            "certificate_arn": null,
            "default_action": [
              {
                "authenticate_cognito": [],
                "authenticate_oidc": [],
                "fixed_response": [],
                "forward": [],
                "order": 1,
                "redirect": [],
                "target_group_arn": "arn:aws:elasticloadbalancing:us-east-1:864450723917:targetgroup/alb-tg-5000-alb/1cac869d364d392e",
                "type": "forward"
              }
            ],
            "id": "arn:aws:elasticloadbalancing:us-east-1:864450723917:listener/app/ecom-alb/29477c366483b140/ede6a2b110847de0",
            "load_balancer_arn": "arn:aws:elasticloadbalancing:us-east-1:864450723917:loadbalancer/app/ecom-alb/29477c366483b140",
            "port": 5000,
            "protocol": "HTTP",
            "ssl_policy": "",
            "tags": {},
            "tags_all": {},
            "timeouts": null
          },
          "sensitive_attributes": [],
          "private": "eyJlMmJmYjczMC1lY2FhLTExZTYtOGY4OC0zNDM2M2JjN2M0YzAiOnsicmVhZCI6NjAwMDAwMDAwMDAwfX0=",
          "dependencies": [
            "aws_lb.ecom_alb",
            "aws_lb.network_ecommerce_loadbalancer",
            "aws_lb_target_group.alb-tg-5000-alb",
            "aws_security_group.alb_security_group",
            "aws_subnet.ecommerce-subnet-private-1",
            "aws_subnet.ecommerce-subnet-private-2",
            "aws_vpc.ecommerce_vpc"
          ]
        }
      ]
    },
    {
      "mode": "managed",
      "type": "aws_lb_listener",
      "name": "alb_user_listener",
      "provider": "provider[\"registry.terraform.io/hashicorp/aws\"]",
      "instances": [
        {
          "schema_version": 0,
          "attributes": {
            "alpn_policy": null,
            "arn": "arn:aws:elasticloadbalancing:us-east-1:864450723917:listener/app/ecom-alb/29477c366483b140/7748fd4013efa709",
            "certificate_arn": null,
            "default_action": [
              {
                "authenticate_cognito": [],
                "authenticate_oidc": [],
                "fixed_response": [],
                "forward": [],
                "order": 1,
                "redirect": [],
                "target_group_arn": "arn:aws:elasticloadbalancing:us-east-1:864450723917:targetgroup/alb-tg-6000-alb/c929d338089ba186",
                "type": "forward"
              }
            ],
            "id": "arn:aws:elasticloadbalancing:us-east-1:864450723917:listener/app/ecom-alb/29477c366483b140/7748fd4013efa709",
            "load_balancer_arn": "arn:aws:elasticloadbalancing:us-east-1:864450723917:loadbalancer/app/ecom-alb/29477c366483b140",
            "port": 6000,
            "protocol": "HTTP",
            "ssl_policy": "",
            "tags": {},
            "tags_all": {},
            "timeouts": null
          },
          "sensitive_attributes": [],
          "private": "eyJlMmJmYjczMC1lY2FhLTExZTYtOGY4OC0zNDM2M2JjN2M0YzAiOnsicmVhZCI6NjAwMDAwMDAwMDAwfX0=",
          "dependencies": [
            "aws_lb.ecom_alb",
            "aws_lb.network_ecommerce_loadbalancer",
            "aws_lb_target_group.alb-tg-6000-alb",
            "aws_security_group.alb_security_group",
            "aws_subnet.ecommerce-subnet-private-1",
            "aws_subnet.ecommerce-subnet-private-2",
            "aws_vpc.ecommerce_vpc"
          ]
        }
      ]
    },
    {
      "mode": "managed",
      "type": "aws_lb_listener",
      "name": "nlb-listener-cart-service",
      "provider": "provider[\"registry.terraform.io/hashicorp/aws\"]",
      "instances": [
        {
          "schema_version": 0,
          "attributes": {
            "alpn_policy": null,
            "arn": "arn:aws:elasticloadbalancing:us-east-1:864450723917:listener/net/ecom-nlb/cdabda6fa2822145/8ed9df55577a6465",
            "certificate_arn": null,
            "default_action": [
              {
                "authenticate_cognito": [],
                "authenticate_oidc": [],
                "fixed_response": [],
                "forward": [],
                "order": 1,
                "redirect": [],
                "target_group_arn": "arn:aws:elasticloadbalancing:us-east-1:864450723917:targetgroup/nlb-tg-5001-alb/06ef039d1a716593",
                "type": "forward"
              }
            ],
            "id": "arn:aws:elasticloadbalancing:us-east-1:864450723917:listener/net/ecom-nlb/cdabda6fa2822145/8ed9df55577a6465",
            "load_balancer_arn": "arn:aws:elasticloadbalancing:us-east-1:864450723917:loadbalancer/net/ecom-nlb/cdabda6fa2822145",
            "port": 5001,
            "protocol": "TCP",
            "ssl_policy": "",
            "tags": {},
            "tags_all": {},
            "timeouts": null
          },
          "sensitive_attributes": [],
          "private": "eyJlMmJmYjczMC1lY2FhLTExZTYtOGY4OC0zNDM2M2JjN2M0YzAiOnsicmVhZCI6NjAwMDAwMDAwMDAwfX0=",
          "dependencies": [
            "aws_lb.network_ecommerce_loadbalancer",
            "aws_lb_target_group.nlb-tg-5001-nlb",
            "aws_subnet.ecommerce-subnet-private-1",
            "aws_subnet.ecommerce-subnet-private-2",
            "aws_vpc.ecommerce_vpc"
          ]
        }
      ]
    },
    {
      "mode": "managed",
      "type": "aws_lb_listener",
      "name": "nlb-listener-product-service",
      "provider": "provider[\"registry.terraform.io/hashicorp/aws\"]",
      "instances": [
        {
          "schema_version": 0,
          "attributes": {
            "alpn_policy": null,
            "arn": "arn:aws:elasticloadbalancing:us-east-1:864450723917:listener/net/ecom-nlb/cdabda6fa2822145/7c7e716994c4d717",
            "certificate_arn": null,
            "default_action": [
              {
                "authenticate_cognito": [],
                "authenticate_oidc": [],
                "fixed_response": [],
                "forward": [],
                "order": 1,
                "redirect": [],
                "target_group_arn": "arn:aws:elasticloadbalancing:us-east-1:864450723917:targetgroup/nlb-tg-5000-alb/c0cc8bf10adf0ce8",
                "type": "forward"
              }
            ],
            "id": "arn:aws:elasticloadbalancing:us-east-1:864450723917:listener/net/ecom-nlb/cdabda6fa2822145/7c7e716994c4d717",
            "load_balancer_arn": "arn:aws:elasticloadbalancing:us-east-1:864450723917:loadbalancer/net/ecom-nlb/cdabda6fa2822145",
            "port": 5000,
            "protocol": "TCP",
            "ssl_policy": "",
            "tags": {},
            "tags_all": {},
            "timeouts": null
          },
          "sensitive_attributes": [],
          "private": "eyJlMmJmYjczMC1lY2FhLTExZTYtOGY4OC0zNDM2M2JjN2M0YzAiOnsicmVhZCI6NjAwMDAwMDAwMDAwfX0=",
          "dependencies": [
            "aws_lb.network_ecommerce_loadbalancer",
            "aws_lb_target_group.nlb-tg-5000-nlb",
            "aws_subnet.ecommerce-subnet-private-1",
            "aws_subnet.ecommerce-subnet-private-2",
            "aws_vpc.ecommerce_vpc"
          ]
        }
      ]
    },
    {
      "mode": "managed",
      "type": "aws_lb_listener",
      "name": "nlb-listener-user-service",
      "provider": "provider[\"registry.terraform.io/hashicorp/aws\"]",
      "instances": [
        {
          "schema_version": 0,
          "attributes": {
            "alpn_policy": null,
            "arn": "arn:aws:elasticloadbalancing:us-east-1:864450723917:listener/net/ecom-nlb/cdabda6fa2822145/4d4cb7c4d5763d77",
            "certificate_arn": null,
            "default_action": [
              {
                "authenticate_cognito": [],
                "authenticate_oidc": [],
                "fixed_response": [],
                "forward": [],
                "order": 1,
                "redirect": [],
                "target_group_arn": "arn:aws:elasticloadbalancing:us-east-1:864450723917:targetgroup/nlb-tg-6000-alb/13dadc18b2db778f",
                "type": "forward"
              }
            ],
            "id": "arn:aws:elasticloadbalancing:us-east-1:864450723917:listener/net/ecom-nlb/cdabda6fa2822145/4d4cb7c4d5763d77",
            "load_balancer_arn": "arn:aws:elasticloadbalancing:us-east-1:864450723917:loadbalancer/net/ecom-nlb/cdabda6fa2822145",
            "port": 6000,
            "protocol": "TCP",
            "ssl_policy": "",
            "tags": {},
            "tags_all": {},
            "timeouts": null
          },
          "sensitive_attributes": [],
          "private": "eyJlMmJmYjczMC1lY2FhLTExZTYtOGY4OC0zNDM2M2JjN2M0YzAiOnsicmVhZCI6NjAwMDAwMDAwMDAwfX0=",
          "dependencies": [
            "aws_lb.network_ecommerce_loadbalancer",
            "aws_lb_target_group.nlb-tg-6000-nlb",
            "aws_subnet.ecommerce-subnet-private-1",
            "aws_subnet.ecommerce-subnet-private-2",
            "aws_vpc.ecommerce_vpc"
          ]
        }
      ]
    },
    {
      "mode": "managed",
      "type": "aws_lb_target_group",
      "name": "alb-tg-5000-alb",
      "provider": "provider[\"registry.terraform.io/hashicorp/aws\"]",
      "instances": [
        {
          "schema_version": 0,
          "attributes": {
            "arn": "arn:aws:elasticloadbalancing:us-east-1:864450723917:targetgroup/alb-tg-5000-alb/1cac869d364d392e",
            "arn_suffix": "targetgroup/alb-tg-5000-alb/1cac869d364d392e",
            "connection_termination": false,
            "deregistration_delay": "300",
            "health_check": [
              {
                "enabled": true,
                "healthy_threshold": 5,
                "interval": 30,
                "matcher": "200",
                "path": "/",
                "port": "traffic-port",
                "protocol": "HTTP",
                "timeout": 5,
                "unhealthy_threshold": 2
              }
            ],
            "id": "arn:aws:elasticloadbalancing:us-east-1:864450723917:targetgroup/alb-tg-5000-alb/1cac869d364d392e",
            "lambda_multi_value_headers_enabled": false,
            "load_balancing_algorithm_type": "round_robin",
            "name": "alb-tg-5000-alb",
            "name_prefix": null,
            "port": 5000,
            "preserve_client_ip": null,
            "protocol": "HTTP",
            "protocol_version": "HTTP1",
            "proxy_protocol_v2": false,
            "slow_start": 0,
            "stickiness": [
              {
                "cookie_duration": 86400,
                "cookie_name": "",
                "enabled": false,
                "type": "lb_cookie"
              }
            ],
            "tags": {},
            "tags_all": {},
            "target_type": "instance",
            "vpc_id": "vpc-01a4c148aa0d5d9e1"
          },
          "sensitive_attributes": [],
          "private": "bnVsbA==",
          "dependencies": [
            "aws_vpc.ecommerce_vpc"
          ]
        }
      ]
    },
    {
      "mode": "managed",
      "type": "aws_lb_target_group",
      "name": "alb-tg-5001-alb",
      "provider": "provider[\"registry.terraform.io/hashicorp/aws\"]",
      "instances": [
        {
          "schema_version": 0,
          "attributes": {
            "arn": "arn:aws:elasticloadbalancing:us-east-1:864450723917:targetgroup/alb-tg-5001-alb/865e780bd5e1f53d",
            "arn_suffix": "targetgroup/alb-tg-5001-alb/865e780bd5e1f53d",
            "connection_termination": false,
            "deregistration_delay": "300",
            "health_check": [
              {
                "enabled": true,
                "healthy_threshold": 5,
                "interval": 30,
                "matcher": "200",
                "path": "/",
                "port": "traffic-port",
                "protocol": "HTTP",
                "timeout": 5,
                "unhealthy_threshold": 2
              }
            ],
            "id": "arn:aws:elasticloadbalancing:us-east-1:864450723917:targetgroup/alb-tg-5001-alb/865e780bd5e1f53d",
            "lambda_multi_value_headers_enabled": false,
            "load_balancing_algorithm_type": "round_robin",
            "name": "alb-tg-5001-alb",
            "name_prefix": null,
            "port": 5001,
            "preserve_client_ip": null,
            "protocol": "HTTP",
            "protocol_version": "HTTP1",
            "proxy_protocol_v2": false,
            "slow_start": 0,
            "stickiness": [
              {
                "cookie_duration": 86400,
                "cookie_name": "",
                "enabled": false,
                "type": "lb_cookie"
              }
            ],
            "tags": {},
            "tags_all": {},
            "target_type": "instance",
            "vpc_id": "vpc-01a4c148aa0d5d9e1"
          },
          "sensitive_attributes": [],
          "private": "bnVsbA==",
          "dependencies": [
            "aws_vpc.ecommerce_vpc"
          ]
        }
      ]
    },
    {
      "mode": "managed",
      "type": "aws_lb_target_group",
      "name": "alb-tg-6000-alb",
      "provider": "provider[\"registry.terraform.io/hashicorp/aws\"]",
      "instances": [
        {
          "schema_version": 0,
          "attributes": {
            "arn": "arn:aws:elasticloadbalancing:us-east-1:864450723917:targetgroup/alb-tg-6000-alb/c929d338089ba186",
            "arn_suffix": "targetgroup/alb-tg-6000-alb/c929d338089ba186",
            "connection_termination": false,
            "deregistration_delay": "300",
            "health_check": [
              {
                "enabled": true,
                "healthy_threshold": 5,
                "interval": 30,
                "matcher": "200",
                "path": "/",
                "port": "traffic-port",
                "protocol": "HTTP",
                "timeout": 5,
                "unhealthy_threshold": 2
              }
            ],
            "id": "arn:aws:elasticloadbalancing:us-east-1:864450723917:targetgroup/alb-tg-6000-alb/c929d338089ba186",
            "lambda_multi_value_headers_enabled": false,
            "load_balancing_algorithm_type": "round_robin",
            "name": "alb-tg-6000-alb",
            "name_prefix": null,
            "port": 6000,
            "preserve_client_ip": null,
            "protocol": "HTTP",
            "protocol_version": "HTTP1",
            "proxy_protocol_v2": false,
            "slow_start": 0,
            "stickiness": [
              {
                "cookie_duration": 86400,
                "cookie_name": "",
                "enabled": false,
                "type": "lb_cookie"
              }
            ],
            "tags": {},
            "tags_all": {},
            "target_type": "instance",
            "vpc_id": "vpc-01a4c148aa0d5d9e1"
          },
          "sensitive_attributes": [],
          "private": "bnVsbA==",
          "dependencies": [
            "aws_vpc.ecommerce_vpc"
          ]
        }
      ]
    },
    {
      "mode": "managed",
      "type": "aws_lb_target_group",
      "name": "nlb-tg-5000-nlb",
      "provider": "provider[\"registry.terraform.io/hashicorp/aws\"]",
      "instances": [
        {
          "schema_version": 0,
          "attributes": {
            "arn": "arn:aws:elasticloadbalancing:us-east-1:864450723917:targetgroup/nlb-tg-5000-alb/c0cc8bf10adf0ce8",
            "arn_suffix": "targetgroup/nlb-tg-5000-alb/c0cc8bf10adf0ce8",
            "connection_termination": false,
            "deregistration_delay": "300",
            "health_check": [
              {
                "enabled": true,
                "healthy_threshold": 3,
                "interval": 30,
                "matcher": "200-399",
                "path": "/",
                "port": "traffic-port",
                "protocol": "HTTP",
                "timeout": 6,
                "unhealthy_threshold": 3
              }
            ],
            "id": "arn:aws:elasticloadbalancing:us-east-1:864450723917:targetgroup/nlb-tg-5000-alb/c0cc8bf10adf0ce8",
            "lambda_multi_value_headers_enabled": false,
            "load_balancing_algorithm_type": null,
            "name": "nlb-tg-5000-alb",
            "name_prefix": null,
            "port": 5000,
            "preserve_client_ip": "true",
            "protocol": "TCP",
            "protocol_version": null,
            "proxy_protocol_v2": false,
            "slow_start": 0,
            "stickiness": [
              {
                "cookie_duration": 0,
                "cookie_name": "",
                "enabled": false,
                "type": "source_ip"
              }
            ],
            "tags": {},
            "tags_all": {},
            "target_type": "alb",
            "vpc_id": "vpc-01a4c148aa0d5d9e1"
          },
          "sensitive_attributes": [],
          "private": "bnVsbA==",
          "dependencies": [
            "aws_vpc.ecommerce_vpc"
          ]
        }
      ]
    },
    {
      "mode": "managed",
      "type": "aws_lb_target_group",
      "name": "nlb-tg-5001-nlb",
      "provider": "provider[\"registry.terraform.io/hashicorp/aws\"]",
      "instances": [
        {
          "schema_version": 0,
          "attributes": {
            "arn": "arn:aws:elasticloadbalancing:us-east-1:864450723917:targetgroup/nlb-tg-5001-alb/06ef039d1a716593",
            "arn_suffix": "targetgroup/nlb-tg-5001-alb/06ef039d1a716593",
            "connection_termination": false,
            "deregistration_delay": "300",
            "health_check": [
              {
                "enabled": true,
                "healthy_threshold": 3,
                "interval": 30,
                "matcher": "200-399",
                "path": "/",
                "port": "traffic-port",
                "protocol": "HTTP",
                "timeout": 6,
                "unhealthy_threshold": 3
              }
            ],
            "id": "arn:aws:elasticloadbalancing:us-east-1:864450723917:targetgroup/nlb-tg-5001-alb/06ef039d1a716593",
            "lambda_multi_value_headers_enabled": false,
            "load_balancing_algorithm_type": null,
            "name": "nlb-tg-5001-alb",
            "name_prefix": null,
            "port": 5001,
            "preserve_client_ip": "true",
            "protocol": "TCP",
            "protocol_version": null,
            "proxy_protocol_v2": false,
            "slow_start": 0,
            "stickiness": [
              {
                "cookie_duration": 0,
                "cookie_name": "",
                "enabled": false,
                "type": "source_ip"
              }
            ],
            "tags": {},
            "tags_all": {},
            "target_type": "alb",
            "vpc_id": "vpc-01a4c148aa0d5d9e1"
          },
          "sensitive_attributes": [],
          "private": "bnVsbA==",
          "dependencies": [
            "aws_vpc.ecommerce_vpc"
          ]
        }
      ]
    },
    {
      "mode": "managed",
      "type": "aws_lb_target_group",
      "name": "nlb-tg-6000-nlb",
      "provider": "provider[\"registry.terraform.io/hashicorp/aws\"]",
      "instances": [
        {
          "schema_version": 0,
          "attributes": {
            "arn": "arn:aws:elasticloadbalancing:us-east-1:864450723917:targetgroup/nlb-tg-6000-alb/13dadc18b2db778f",
            "arn_suffix": "targetgroup/nlb-tg-6000-alb/13dadc18b2db778f",
            "connection_termination": false,
            "deregistration_delay": "300",
            "health_check": [
              {
                "enabled": true,
                "healthy_threshold": 3,
                "interval": 30,
                "matcher": "200-399",
                "path": "/",
                "port": "traffic-port",
                "protocol": "HTTP",
                "timeout": 6,
                "unhealthy_threshold": 3
              }
            ],
            "id": "arn:aws:elasticloadbalancing:us-east-1:864450723917:targetgroup/nlb-tg-6000-alb/13dadc18b2db778f",
            "lambda_multi_value_headers_enabled": false,
            "load_balancing_algorithm_type": null,
            "name": "nlb-tg-6000-alb",
            "name_prefix": null,
            "port": 6000,
            "preserve_client_ip": "true",
            "protocol": "TCP",
            "protocol_version": null,
            "proxy_protocol_v2": false,
            "slow_start": 0,
            "stickiness": [
              {
                "cookie_duration": 0,
                "cookie_name": "",
                "enabled": false,
                "type": "source_ip"
              }
            ],
            "tags": {},
            "tags_all": {},
            "target_type": "alb",
            "vpc_id": "vpc-01a4c148aa0d5d9e1"
          },
          "sensitive_attributes": [],
          "private": "bnVsbA==",
          "dependencies": [
            "aws_vpc.ecommerce_vpc"
          ]
        }
      ]
    },
    {
      "mode": "managed",
      "type": "aws_lb_target_group_attachment",
      "name": "g-attachment-alb-5001",
      "provider": "provider[\"registry.terraform.io/hashicorp/aws\"]",
      "instances": [
        {
          "schema_version": 0,
          "attributes": {
            "availability_zone": null,
            "id": "arn:aws:elasticloadbalancing:us-east-1:864450723917:targetgroup/nlb-tg-5001-alb/06ef039d1a716593-20220601130156995800000003",
            "port": 5001,
            "target_group_arn": "arn:aws:elasticloadbalancing:us-east-1:864450723917:targetgroup/nlb-tg-5001-alb/06ef039d1a716593",
            "target_id": "arn:aws:elasticloadbalancing:us-east-1:864450723917:loadbalancer/app/ecom-alb/29477c366483b140"
          },
          "sensitive_attributes": [],
          "private": "bnVsbA==",
          "dependencies": [
            "aws_lb.ecom_alb",
            "aws_lb.network_ecommerce_loadbalancer",
            "aws_lb_target_group.nlb-tg-5001-nlb",
            "aws_security_group.alb_security_group",
            "aws_subnet.ecommerce-subnet-private-1",
            "aws_subnet.ecommerce-subnet-private-2",
            "aws_vpc.ecommerce_vpc"
          ]
        }
      ]
    },
    {
      "mode": "managed",
      "type": "aws_lb_target_group_attachment",
      "name": "g-attachment-alb-6000",
      "provider": "provider[\"registry.terraform.io/hashicorp/aws\"]",
      "instances": [
        {
          "schema_version": 0,
          "attributes": {
            "availability_zone": null,
            "id": "arn:aws:elasticloadbalancing:us-east-1:864450723917:targetgroup/nlb-tg-6000-alb/13dadc18b2db778f-20220601130156656100000002",
            "port": 6000,
            "target_group_arn": "arn:aws:elasticloadbalancing:us-east-1:864450723917:targetgroup/nlb-tg-6000-alb/13dadc18b2db778f",
            "target_id": "arn:aws:elasticloadbalancing:us-east-1:864450723917:loadbalancer/app/ecom-alb/29477c366483b140"
          },
          "sensitive_attributes": [],
          "private": "bnVsbA==",
          "dependencies": [
            "aws_lb.ecom_alb",
            "aws_lb.network_ecommerce_loadbalancer",
            "aws_lb_target_group.nlb-tg-6000-nlb",
            "aws_security_group.alb_security_group",
            "aws_subnet.ecommerce-subnet-private-1",
            "aws_subnet.ecommerce-subnet-private-2",
            "aws_vpc.ecommerce_vpc"
          ]
        }
      ]
    },
    {
      "mode": "managed",
      "type": "aws_lb_target_group_attachment",
      "name": "tg-attachment-alb-5000",
      "provider": "provider[\"registry.terraform.io/hashicorp/aws\"]",
      "instances": [
        {
          "schema_version": 0,
          "attributes": {
            "availability_zone": null,
            "id": "arn:aws:elasticloadbalancing:us-east-1:864450723917:targetgroup/nlb-tg-5000-alb/c0cc8bf10adf0ce8-20220601130156568600000001",
            "port": 5000,
            "target_group_arn": "arn:aws:elasticloadbalancing:us-east-1:864450723917:targetgroup/nlb-tg-5000-alb/c0cc8bf10adf0ce8",
            "target_id": "arn:aws:elasticloadbalancing:us-east-1:864450723917:loadbalancer/app/ecom-alb/29477c366483b140"
          },
          "sensitive_attributes": [],
          "private": "bnVsbA==",
          "dependencies": [
            "aws_lb.ecom_alb",
            "aws_lb.network_ecommerce_loadbalancer",
            "aws_lb_target_group.nlb-tg-5000-nlb",
            "aws_security_group.alb_security_group",
            "aws_subnet.ecommerce-subnet-private-1",
            "aws_subnet.ecommerce-subnet-private-2",
            "aws_vpc.ecommerce_vpc"
          ]
        }
      ]
    },
    {
      "mode": "managed",
      "type": "aws_lb_target_group_attachment",
      "name": "tg-attachment-cart-service",
      "provider": "provider[\"registry.terraform.io/hashicorp/aws\"]",
      "instances": [
        {
          "schema_version": 0,
          "attributes": {
            "availability_zone": null,
            "id": "arn:aws:elasticloadbalancing:us-east-1:864450723917:targetgroup/alb-tg-6000-alb/c929d338089ba186-20220601130540338200000007",
            "port": 5001,
            "target_group_arn": "arn:aws:elasticloadbalancing:us-east-1:864450723917:targetgroup/alb-tg-6000-alb/c929d338089ba186",
            "target_id": "i-08da73cb917805779"
          },
          "sensitive_attributes": [],
          "private": "bnVsbA==",
          "dependencies": [
            "aws_ecs_cluster.ecom_cluster",
            "aws_iam_instance_profile.ec2_instance_profile",
            "aws_instance.ecommerce_machine",
            "aws_lb_target_group.alb-tg-6000-alb",
            "aws_security_group.ecommerce_machine_sg",
            "aws_subnet.ecommerce-subnet-public-1"
          ]
        }
      ]
    },
    {
      "mode": "managed",
      "type": "aws_lb_target_group_attachment",
      "name": "tg-attachment-product-service",
      "provider": "provider[\"registry.terraform.io/hashicorp/aws\"]",
      "instances": [
        {
          "schema_version": 0,
          "attributes": {
            "availability_zone": null,
            "id": "arn:aws:elasticloadbalancing:us-east-1:864450723917:targetgroup/alb-tg-5000-alb/1cac869d364d392e-20220601130540305200000006",
            "port": 5000,
            "target_group_arn": "arn:aws:elasticloadbalancing:us-east-1:864450723917:targetgroup/alb-tg-5000-alb/1cac869d364d392e",
            "target_id": "i-08da73cb917805779"
          },
          "sensitive_attributes": [],
          "private": "bnVsbA==",
          "dependencies": [
            "aws_ecs_cluster.ecom_cluster",
            "aws_iam_instance_profile.ec2_instance_profile",
            "aws_instance.ecommerce_machine",
            "aws_lb_target_group.alb-tg-5000-alb",
            "aws_security_group.ecommerce_machine_sg",
            "aws_subnet.ecommerce-subnet-public-1"
          ]
        }
      ]
    },
    {
      "mode": "managed",
      "type": "aws_lb_target_group_attachment",
      "name": "tg-attachment-user-service",
      "provider": "provider[\"registry.terraform.io/hashicorp/aws\"]",
      "instances": [
        {
          "schema_version": 0,
          "attributes": {
            "availability_zone": null,
            "id": "arn:aws:elasticloadbalancing:us-east-1:864450723917:targetgroup/alb-tg-6000-alb/c929d338089ba186-20220601130540252300000005",
            "port": 6000,
            "target_group_arn": "arn:aws:elasticloadbalancing:us-east-1:864450723917:targetgroup/alb-tg-6000-alb/c929d338089ba186",
            "target_id": "i-08da73cb917805779"
          },
          "sensitive_attributes": [],
          "private": "bnVsbA==",
          "dependencies": [
            "aws_ecs_cluster.ecom_cluster",
            "aws_iam_instance_profile.ec2_instance_profile",
            "aws_instance.ecommerce_machine",
            "aws_lb_target_group.alb-tg-6000-alb",
            "aws_security_group.ecommerce_machine_sg",
            "aws_subnet.ecommerce-subnet-public-1"
          ]
        }
      ]
    },
    {
      "mode": "managed",
      "type": "aws_route",
      "name": "route",
      "provider": "provider[\"registry.terraform.io/hashicorp/aws\"]",
      "instances": [
        {
          "schema_version": 0,
          "attributes": {
            "carrier_gateway_id": "",
            "core_network_arn": "",
            "destination_cidr_block": "0.0.0.0/0",
            "destination_ipv6_cidr_block": "",
            "destination_prefix_list_id": "",
            "egress_only_gateway_id": "",
            "gateway_id": "igw-07dc2c64399e697ea",
            "id": "r-rtb-07ae5d8c123f2c5801080289494",
            "instance_id": "",
            "instance_owner_id": "",
            "local_gateway_id": "",
            "nat_gateway_id": "",
            "network_interface_id": "",
            "origin": "CreateRoute",
            "route_table_id": "rtb-07ae5d8c123f2c580",
            "state": "active",
            "timeouts": null,
            "transit_gateway_id": "",
            "vpc_endpoint_id": "",
            "vpc_peering_connection_id": ""
          },
          "sensitive_attributes": [],
          "private": "eyJlMmJmYjczMC1lY2FhLTExZTYtOGY4OC0zNDM2M2JjN2M0YzAiOnsiY3JlYXRlIjozMDAwMDAwMDAwMDAsImRlbGV0ZSI6MzAwMDAwMDAwMDAwLCJ1cGRhdGUiOjEyMDAwMDAwMDAwMH19",
          "dependencies": [
            "aws_internet_gateway.ecom_internet_gateway",
            "aws_route_table.rt",
            "aws_vpc.ecommerce_vpc"
          ]
        }
      ]
    },
    {
      "mode": "managed",
      "type": "aws_route_table",
      "name": "rt",
      "provider": "provider[\"registry.terraform.io/hashicorp/aws\"]",
      "instances": [
        {
          "schema_version": 0,
          "attributes": {
            "arn": "arn:aws:ec2:us-east-1:864450723917:route-table/rtb-07ae5d8c123f2c580",
            "id": "rtb-07ae5d8c123f2c580",
            "owner_id": "864450723917",
            "propagating_vgws": [],
            "route": [
              {
                "carrier_gateway_id": "",
                "cidr_block": "0.0.0.0/0",
                "core_network_arn": "",
                "destination_prefix_list_id": "",
                "egress_only_gateway_id": "",
                "gateway_id": "igw-07dc2c64399e697ea",
                "instance_id": "",
                "ipv6_cidr_block": "",
                "local_gateway_id": "",
                "nat_gateway_id": "",
                "network_interface_id": "",
                "transit_gateway_id": "",
                "vpc_endpoint_id": "",
                "vpc_peering_connection_id": ""
              }
            ],
            "tags": {
              "Name": "EcomVPCRouteTable"
            },
            "tags_all": {
              "Name": "EcomVPCRouteTable"
            },
            "timeouts": null,
            "vpc_id": "vpc-01a4c148aa0d5d9e1"
          },
          "sensitive_attributes": [],
          "private": "eyJlMmJmYjczMC1lY2FhLTExZTYtOGY4OC0zNDM2M2JjN2M0YzAiOnsiY3JlYXRlIjozMDAwMDAwMDAwMDAsImRlbGV0ZSI6MzAwMDAwMDAwMDAwLCJ1cGRhdGUiOjEyMDAwMDAwMDAwMH19",
          "dependencies": [
            "aws_internet_gateway.ecom_internet_gateway",
            "aws_vpc.ecommerce_vpc"
          ]
        }
      ]
    },
    {
      "mode": "managed",
      "type": "aws_route_table_association",
      "name": "rt_association_public_1",
      "provider": "provider[\"registry.terraform.io/hashicorp/aws\"]",
      "instances": [
        {
          "schema_version": 0,
          "attributes": {
            "gateway_id": "",
            "id": "rtbassoc-06d12cade4ca704a7",
            "route_table_id": "rtb-07ae5d8c123f2c580",
            "subnet_id": "subnet-0725467413e1d114f"
          },
          "sensitive_attributes": [],
          "private": "bnVsbA==",
          "dependencies": [
            "aws_internet_gateway.ecom_internet_gateway",
            "aws_route_table.rt",
            "aws_subnet.ecommerce-subnet-public-1",
            "aws_vpc.ecommerce_vpc"
          ]
        }
      ]
    },
    {
      "mode": "managed",
      "type": "aws_route_table_association",
      "name": "rt_association_public_2",
      "provider": "provider[\"registry.terraform.io/hashicorp/aws\"]",
      "instances": [
        {
          "schema_version": 0,
          "attributes": {
            "gateway_id": "",
            "id": "rtbassoc-0422dbf2975661900",
            "route_table_id": "rtb-07ae5d8c123f2c580",
            "subnet_id": "subnet-0f9edd382a97a413e"
          },
          "sensitive_attributes": [],
          "private": "bnVsbA==",
          "dependencies": [
            "aws_internet_gateway.ecom_internet_gateway",
            "aws_route_table.rt",
            "aws_subnet.ecommerce-subnet-public-2",
            "aws_vpc.ecommerce_vpc"
          ]
        }
      ]
    },
    {
      "mode": "managed",
      "type": "aws_security_group",
      "name": "alb_security_group",
      "provider": "provider[\"registry.terraform.io/hashicorp/aws\"]",
      "instances": [
        {
          "schema_version": 1,
          "attributes": {
            "arn": "arn:aws:ec2:us-east-1:864450723917:security-group/sg-051939ed2574264df",
            "description": "Managed by Terraform",
            "egress": [
              {
                "cidr_blocks": [],
                "description": "",
                "from_port": 5000,
                "ipv6_cidr_blocks": [],
                "prefix_list_ids": [],
                "protocol": "tcp",
                "security_groups": [
                  "sg-0194ec08d50e2c697"
                ],
                "self": false,
                "to_port": 5000
              },
              {
                "cidr_blocks": [],
                "description": "",
                "from_port": 5001,
                "ipv6_cidr_blocks": [],
                "prefix_list_ids": [],
                "protocol": "tcp",
                "security_groups": [
                  "sg-0194ec08d50e2c697"
                ],
                "self": false,
                "to_port": 5001
              },
              {
                "cidr_blocks": [],
                "description": "",
                "from_port": 6000,
                "ipv6_cidr_blocks": [],
                "prefix_list_ids": [],
                "protocol": "tcp",
                "security_groups": [
                  "sg-0194ec08d50e2c697"
                ],
                "self": false,
                "to_port": 6000
              }
            ],
            "id": "sg-051939ed2574264df",
            "ingress": [
              {
                "cidr_blocks": [
                  "0.0.0.0/0"
                ],
                "description": "",
                "from_port": 5000,
                "ipv6_cidr_blocks": [],
                "prefix_list_ids": [],
                "protocol": "tcp",
                "security_groups": [],
                "self": false,
                "to_port": 5000
              },
              {
                "cidr_blocks": [
                  "0.0.0.0/0"
                ],
                "description": "",
                "from_port": 5001,
                "ipv6_cidr_blocks": [],
                "prefix_list_ids": [],
                "protocol": "tcp",
                "security_groups": [],
                "self": false,
                "to_port": 5001
              },
              {
                "cidr_blocks": [
                  "0.0.0.0/0"
                ],
                "description": "",
                "from_port": 6000,
                "ipv6_cidr_blocks": [],
                "prefix_list_ids": [],
                "protocol": "tcp",
                "security_groups": [],
                "self": false,
                "to_port": 6000
              }
            ],
            "name": "sg_ecom_alb",
            "name_prefix": "",
            "owner_id": "864450723917",
            "revoke_rules_on_delete": false,
            "tags": {},
            "tags_all": {},
            "timeouts": null,
            "vpc_id": "vpc-01a4c148aa0d5d9e1"
          },
          "sensitive_attributes": [],
          "private": "eyJlMmJmYjczMC1lY2FhLTExZTYtOGY4OC0zNDM2M2JjN2M0YzAiOnsiY3JlYXRlIjo2MDAwMDAwMDAwMDAsImRlbGV0ZSI6OTAwMDAwMDAwMDAwfSwic2NoZW1hX3ZlcnNpb24iOiIxIn0=",
          "dependencies": [
            "aws_vpc.ecommerce_vpc"
          ]
        }
      ]
    },
    {
      "mode": "managed",
      "type": "aws_security_group",
      "name": "ecommerce_machine_sg",
      "provider": "provider[\"registry.terraform.io/hashicorp/aws\"]",
      "instances": [
        {
          "schema_version": 1,
          "attributes": {
            "arn": "arn:aws:ec2:us-east-1:864450723917:security-group/sg-0194ec08d50e2c697",
            "description": "Managed by Terraform",
            "egress": [
              {
                "cidr_blocks": [
                  "0.0.0.0/0"
                ],
                "description": "",
                "from_port": 0,
                "ipv6_cidr_blocks": [],
                "prefix_list_ids": [],
                "protocol": "-1",
                "security_groups": [],
                "self": false,
                "to_port": 0
              }
            ],
            "id": "sg-0194ec08d50e2c697",
            "ingress": [
              {
                "cidr_blocks": [
                  "0.0.0.0/0"
                ],
                "description": "",
                "from_port": 22,
                "ipv6_cidr_blocks": [],
                "prefix_list_ids": [],
                "protocol": "tcp",
                "security_groups": [],
                "self": false,
                "to_port": 22
              },
              {
                "cidr_blocks": [],
                "description": "",
                "from_port": 5000,
                "ipv6_cidr_blocks": [],
                "prefix_list_ids": [],
                "protocol": "tcp",
                "security_groups": [
                  "sg-051939ed2574264df"
                ],
                "self": false,
                "to_port": 5000
              },
              {
                "cidr_blocks": [],
                "description": "",
                "from_port": 5001,
                "ipv6_cidr_blocks": [],
                "prefix_list_ids": [],
                "protocol": "tcp",
                "security_groups": [
                  "sg-051939ed2574264df"
                ],
                "self": false,
                "to_port": 5001
              },
              {
                "cidr_blocks": [],
                "description": "",
                "from_port": 6000,
                "ipv6_cidr_blocks": [],
                "prefix_list_ids": [],
                "protocol": "tcp",
                "security_groups": [
                  "sg-051939ed2574264df"
                ],
                "self": false,
                "to_port": 6000
              }
            ],
            "name": "sg_ecommerce",
            "name_prefix": "",
            "owner_id": "864450723917",
            "revoke_rules_on_delete": false,
            "tags": {},
            "tags_all": {},
            "timeouts": null,
            "vpc_id": "vpc-01a4c148aa0d5d9e1"
          },
          "sensitive_attributes": [],
          "private": "eyJlMmJmYjczMC1lY2FhLTExZTYtOGY4OC0zNDM2M2JjN2M0YzAiOnsiY3JlYXRlIjo2MDAwMDAwMDAwMDAsImRlbGV0ZSI6OTAwMDAwMDAwMDAwfSwic2NoZW1hX3ZlcnNpb24iOiIxIn0=",
          "dependencies": [
            "aws_security_group.alb_security_group",
            "aws_vpc.ecommerce_vpc"
          ]
        }
      ]
    },
    {
      "mode": "managed",
      "type": "aws_security_group",
      "name": "vpc_link_sg",
      "provider": "provider[\"registry.terraform.io/hashicorp/aws\"]",
      "instances": [
        {
          "schema_version": 1,
          "attributes": {
            "arn": "arn:aws:ec2:us-east-1:864450723917:security-group/sg-0135091fed0f3f3be",
            "description": "Managed by Terraform",
            "egress": [
              {
                "cidr_blocks": [
                  "0.0.0.0/0"
                ],
                "description": "",
                "from_port": 0,
                "ipv6_cidr_blocks": [],
                "prefix_list_ids": [],
                "protocol": "-1",
                "security_groups": [],
                "self": false,
                "to_port": 0
              }
            ],
            "id": "sg-0135091fed0f3f3be",
            "ingress": [
              {
                "cidr_blocks": [
                  "0.0.0.0/0"
                ],
                "description": "",
                "from_port": 80,
                "ipv6_cidr_blocks": [],
                "prefix_list_ids": [],
                "protocol": "tcp",
                "security_groups": [],
                "self": false,
                "to_port": 80
              }
            ],
            "name": "vpclink-sg",
            "name_prefix": "",
            "owner_id": "864450723917",
            "revoke_rules_on_delete": false,
            "tags": {},
            "tags_all": {},
            "timeouts": null,
            "vpc_id": "vpc-01a4c148aa0d5d9e1"
          },
          "sensitive_attributes": [],
          "private": "eyJlMmJmYjczMC1lY2FhLTExZTYtOGY4OC0zNDM2M2JjN2M0YzAiOnsiY3JlYXRlIjo2MDAwMDAwMDAwMDAsImRlbGV0ZSI6OTAwMDAwMDAwMDAwfSwic2NoZW1hX3ZlcnNpb24iOiIxIn0=",
          "dependencies": [
            "aws_vpc.ecommerce_vpc"
          ]
        }
      ]
    },
    {
      "mode": "managed",
      "type": "aws_security_group_rule",
      "name": "sg_alb_egress_5000",
      "provider": "provider[\"registry.terraform.io/hashicorp/aws\"]",
      "instances": [
        {
          "schema_version": 2,
          "attributes": {
            "cidr_blocks": [],
            "description": "",
            "from_port": 5000,
            "id": "sgrule-2495071575",
            "ipv6_cidr_blocks": [],
            "prefix_list_ids": [],
            "protocol": "tcp",
            "security_group_id": "sg-051939ed2574264df",
            "self": false,
            "source_security_group_id": "sg-0194ec08d50e2c697",
            "to_port": 5000,
            "type": "egress"
          },
          "sensitive_attributes": [],
          "private": "eyJzY2hlbWFfdmVyc2lvbiI6IjIifQ==",
          "dependencies": [
            "aws_security_group.alb_security_group",
            "aws_security_group.ecommerce_machine_sg",
            "aws_vpc.ecommerce_vpc"
          ]
        }
      ]
    },
    {
      "mode": "managed",
      "type": "aws_security_group_rule",
      "name": "sg_alb_egress_5001",
      "provider": "provider[\"registry.terraform.io/hashicorp/aws\"]",
      "instances": [
        {
          "schema_version": 2,
          "attributes": {
            "cidr_blocks": [],
            "description": "",
            "from_port": 5001,
            "id": "sgrule-4100800728",
            "ipv6_cidr_blocks": [],
            "prefix_list_ids": [],
            "protocol": "tcp",
            "security_group_id": "sg-051939ed2574264df",
            "self": false,
            "source_security_group_id": "sg-0194ec08d50e2c697",
            "to_port": 5001,
            "type": "egress"
          },
          "sensitive_attributes": [],
          "private": "eyJzY2hlbWFfdmVyc2lvbiI6IjIifQ==",
          "dependencies": [
            "aws_security_group.alb_security_group",
            "aws_security_group.ecommerce_machine_sg",
            "aws_vpc.ecommerce_vpc"
          ]
        }
      ]
    },
    {
      "mode": "managed",
      "type": "aws_security_group_rule",
      "name": "sg_alb_egress_6000",
      "provider": "provider[\"registry.terraform.io/hashicorp/aws\"]",
      "instances": [
        {
          "schema_version": 2,
          "attributes": {
            "cidr_blocks": [],
            "description": "",
            "from_port": 6000,
            "id": "sgrule-275504701",
            "ipv6_cidr_blocks": [],
            "prefix_list_ids": [],
            "protocol": "tcp",
            "security_group_id": "sg-051939ed2574264df",
            "self": false,
            "source_security_group_id": "sg-0194ec08d50e2c697",
            "to_port": 6000,
            "type": "egress"
          },
          "sensitive_attributes": [],
          "private": "eyJzY2hlbWFfdmVyc2lvbiI6IjIifQ==",
          "dependencies": [
            "aws_security_group.alb_security_group",
            "aws_security_group.ecommerce_machine_sg",
            "aws_vpc.ecommerce_vpc"
          ]
        }
      ]
    },
    {
      "mode": "managed",
      "type": "aws_service_discovery_http_namespace",
      "name": "ecommerce-app",
      "provider": "provider[\"registry.terraform.io/hashicorp/aws\"]",
      "instances": [
        {
          "schema_version": 0,
          "attributes": {
            "arn": "arn:aws:servicediscovery:us-east-1:864450723917:namespace/ns-gocgciprxkvq2vrn",
            "description": "",
            "id": "ns-gocgciprxkvq2vrn",
            "name": "ecommerce-app",
            "tags": {},
            "tags_all": {}
          },
          "sensitive_attributes": [],
          "private": "bnVsbA=="
        }
      ]
    },
    {
      "mode": "managed",
      "type": "aws_service_discovery_instance",
      "name": "cart-service-instance",
      "provider": "provider[\"registry.terraform.io/hashicorp/aws\"]",
      "instances": [
        {
          "schema_version": 0,
          "attributes": {
            "attributes": {
              "AWS_INSTANCE_IPV4": "10.0.1.132",
              "SERVICE_PORT": "5001"
            },
            "id": "cart-service-instance",
            "instance_id": "cart-service-instance",
            "service_id": "srv-qvlwhzbtvg6y4wnm"
          },
          "sensitive_attributes": [],
          "private": "bnVsbA==",
          "dependencies": [
            "aws_ecs_cluster.ecom_cluster",
            "aws_iam_instance_profile.ec2_instance_profile",
            "aws_instance.ecommerce_machine",
            "aws_security_group.ecommerce_machine_sg",
            "aws_service_discovery_service.ecommerce-user-service",
            "aws_subnet.ecommerce-subnet-public-1"
          ]
        }
      ]
    },
    {
      "mode": "managed",
      "type": "aws_service_discovery_instance",
      "name": "product-service-instance",
      "provider": "provider[\"registry.terraform.io/hashicorp/aws\"]",
      "instances": [
        {
          "schema_version": 0,
          "attributes": {
            "attributes": {
              "AWS_INSTANCE_IPV4": "10.0.1.132",
              "SERVICE_PORT": "5000"
            },
            "id": "product-service-instance",
            "instance_id": "product-service-instance",
            "service_id": "srv-qx4sdjro6z6t5vc2"
          },
          "sensitive_attributes": [],
          "private": "bnVsbA==",
          "dependencies": [
            "aws_ecs_cluster.ecom_cluster",
            "aws_iam_instance_profile.ec2_instance_profile",
            "aws_instance.ecommerce_machine",
            "aws_security_group.ecommerce_machine_sg",
            "aws_service_discovery_service.ecommerce-product-service",
            "aws_subnet.ecommerce-subnet-public-1"
          ]
        }
      ]
    },
    {
      "mode": "managed",
      "type": "aws_service_discovery_instance",
      "name": "user-service-instance",
      "provider": "provider[\"registry.terraform.io/hashicorp/aws\"]",
      "instances": [
        {
          "schema_version": 0,
          "attributes": {
            "attributes": {
              "AWS_INSTANCE_IPV4": "10.0.1.132",
              "SERVICE_PORT": "6000"
            },
            "id": "user-service-instance",
            "instance_id": "user-service-instance",
            "service_id": "srv-qvlwhzbtvg6y4wnm"
          },
          "sensitive_attributes": [],
          "private": "bnVsbA==",
          "dependencies": [
            "aws_ecs_cluster.ecom_cluster",
            "aws_iam_instance_profile.ec2_instance_profile",
            "aws_instance.ecommerce_machine",
            "aws_security_group.ecommerce_machine_sg",
            "aws_service_discovery_service.ecommerce-user-service",
            "aws_subnet.ecommerce-subnet-public-1"
          ]
        }
      ]
    },
    {
      "mode": "managed",
      "type": "aws_service_discovery_service",
      "name": "ecommerce-cart-service",
      "provider": "provider[\"registry.terraform.io/hashicorp/aws\"]",
      "instances": [
        {
          "schema_version": 0,
          "attributes": {
            "arn": "arn:aws:servicediscovery:us-east-1:864450723917:service/srv-xygv477ifcuw3j74",
            "description": "",
            "dns_config": [],
            "force_destroy": false,
            "health_check_config": [],
            "health_check_custom_config": [],
            "id": "srv-xygv477ifcuw3j74",
            "name": "cart-service",
            "namespace_id": "ns-gocgciprxkvq2vrn",
            "tags": {},
            "tags_all": {}
          },
          "sensitive_attributes": [],
          "private": "bnVsbA==",
          "dependencies": [
            "aws_service_discovery_http_namespace.ecommerce-app"
          ]
        }
      ]
    },
    {
      "mode": "managed",
      "type": "aws_service_discovery_service",
      "name": "ecommerce-product-service",
      "provider": "provider[\"registry.terraform.io/hashicorp/aws\"]",
      "instances": [
        {
          "schema_version": 0,
          "attributes": {
            "arn": "arn:aws:servicediscovery:us-east-1:864450723917:service/srv-qx4sdjro6z6t5vc2",
            "description": "",
            "dns_config": [],
            "force_destroy": false,
            "health_check_config": [],
            "health_check_custom_config": [],
            "id": "srv-qx4sdjro6z6t5vc2",
            "name": "product-service",
            "namespace_id": "ns-gocgciprxkvq2vrn",
            "tags": {},
            "tags_all": {}
          },
          "sensitive_attributes": [],
          "private": "bnVsbA==",
          "dependencies": [
            "aws_service_discovery_http_namespace.ecommerce-app"
          ]
        }
      ]
    },
    {
      "mode": "managed",
      "type": "aws_service_discovery_service",
      "name": "ecommerce-user-service",
      "provider": "provider[\"registry.terraform.io/hashicorp/aws\"]",
      "instances": [
        {
          "schema_version": 0,
          "attributes": {
            "arn": "arn:aws:servicediscovery:us-east-1:864450723917:service/srv-qvlwhzbtvg6y4wnm",
            "description": "",
            "dns_config": [],
            "force_destroy": false,
            "health_check_config": [],
            "health_check_custom_config": [],
            "id": "srv-qvlwhzbtvg6y4wnm",
            "name": "user-service",
            "namespace_id": "ns-gocgciprxkvq2vrn",
            "tags": {},
            "tags_all": {}
          },
          "sensitive_attributes": [],
          "private": "bnVsbA==",
          "dependencies": [
            "aws_service_discovery_http_namespace.ecommerce-app"
          ]
        }
      ]
    },
    {
      "mode": "managed",
      "type": "aws_subnet",
      "name": "ecommerce-subnet-private-1",
      "provider": "provider[\"registry.terraform.io/hashicorp/aws\"]",
      "instances": [
        {
          "schema_version": 1,
          "attributes": {
            "arn": "arn:aws:ec2:us-east-1:864450723917:subnet/subnet-0d99082fc74bdddf2",
            "assign_ipv6_address_on_creation": false,
            "availability_zone": "us-east-1a",
            "availability_zone_id": "use1-az4",
            "cidr_block": "10.0.3.0/24",
            "customer_owned_ipv4_pool": "",
            "enable_dns64": false,
            "enable_resource_name_dns_a_record_on_launch": false,
            "enable_resource_name_dns_aaaa_record_on_launch": false,
            "id": "subnet-0d99082fc74bdddf2",
            "ipv6_cidr_block": "",
            "ipv6_cidr_block_association_id": "",
            "ipv6_native": false,
            "map_customer_owned_ip_on_launch": false,
            "map_public_ip_on_launch": false,
            "outpost_arn": "",
            "owner_id": "864450723917",
            "private_dns_hostname_type_on_launch": "ip-name",
            "tags": {
              "Name": "private-subnet-1"
            },
            "tags_all": {
              "Name": "private-subnet-1"
            },
            "timeouts": null,
            "vpc_id": "vpc-01a4c148aa0d5d9e1"
          },
          "sensitive_attributes": [],
          "private": "eyJlMmJmYjczMC1lY2FhLTExZTYtOGY4OC0zNDM2M2JjN2M0YzAiOnsiY3JlYXRlIjo2MDAwMDAwMDAwMDAsImRlbGV0ZSI6MTIwMDAwMDAwMDAwMH0sInNjaGVtYV92ZXJzaW9uIjoiMSJ9",
          "dependencies": [
            "aws_vpc.ecommerce_vpc"
          ]
        }
      ]
    },
    {
      "mode": "managed",
      "type": "aws_subnet",
      "name": "ecommerce-subnet-private-2",
      "provider": "provider[\"registry.terraform.io/hashicorp/aws\"]",
      "instances": [
        {
          "schema_version": 1,
          "attributes": {
            "arn": "arn:aws:ec2:us-east-1:864450723917:subnet/subnet-090b974c68e795932",
            "assign_ipv6_address_on_creation": false,
            "availability_zone": "us-east-1b",
            "availability_zone_id": "use1-az6",
            "cidr_block": "10.0.4.0/24",
            "customer_owned_ipv4_pool": "",
            "enable_dns64": false,
            "enable_resource_name_dns_a_record_on_launch": false,
            "enable_resource_name_dns_aaaa_record_on_launch": false,
            "id": "subnet-090b974c68e795932",
            "ipv6_cidr_block": "",
            "ipv6_cidr_block_association_id": "",
            "ipv6_native": false,
            "map_customer_owned_ip_on_launch": false,
            "map_public_ip_on_launch": false,
            "outpost_arn": "",
            "owner_id": "864450723917",
            "private_dns_hostname_type_on_launch": "ip-name",
            "tags": {
              "Name": "private-subnet-2"
            },
            "tags_all": {
              "Name": "private-subnet-2"
            },
            "timeouts": null,
            "vpc_id": "vpc-01a4c148aa0d5d9e1"
          },
          "sensitive_attributes": [],
          "private": "eyJlMmJmYjczMC1lY2FhLTExZTYtOGY4OC0zNDM2M2JjN2M0YzAiOnsiY3JlYXRlIjo2MDAwMDAwMDAwMDAsImRlbGV0ZSI6MTIwMDAwMDAwMDAwMH0sInNjaGVtYV92ZXJzaW9uIjoiMSJ9",
          "dependencies": [
            "aws_vpc.ecommerce_vpc"
          ]
        }
      ]
    },
    {
      "mode": "managed",
      "type": "aws_subnet",
      "name": "ecommerce-subnet-public-1",
      "provider": "provider[\"registry.terraform.io/hashicorp/aws\"]",
      "instances": [
        {
          "schema_version": 1,
          "attributes": {
            "arn": "arn:aws:ec2:us-east-1:864450723917:subnet/subnet-0725467413e1d114f",
            "assign_ipv6_address_on_creation": false,
            "availability_zone": "us-east-1a",
            "availability_zone_id": "use1-az4",
            "cidr_block": "10.0.1.0/24",
            "customer_owned_ipv4_pool": "",
            "enable_dns64": false,
            "enable_resource_name_dns_a_record_on_launch": false,
            "enable_resource_name_dns_aaaa_record_on_launch": false,
            "id": "subnet-0725467413e1d114f",
            "ipv6_cidr_block": "",
            "ipv6_cidr_block_association_id": "",
            "ipv6_native": false,
            "map_customer_owned_ip_on_launch": false,
            "map_public_ip_on_launch": true,
            "outpost_arn": "",
            "owner_id": "864450723917",
            "private_dns_hostname_type_on_launch": "ip-name",
            "tags": {
              "Name": "public-subnet-1"
            },
            "tags_all": {
              "Name": "public-subnet-1"
            },
            "timeouts": null,
            "vpc_id": "vpc-01a4c148aa0d5d9e1"
          },
          "sensitive_attributes": [],
          "private": "eyJlMmJmYjczMC1lY2FhLTExZTYtOGY4OC0zNDM2M2JjN2M0YzAiOnsiY3JlYXRlIjo2MDAwMDAwMDAwMDAsImRlbGV0ZSI6MTIwMDAwMDAwMDAwMH0sInNjaGVtYV92ZXJzaW9uIjoiMSJ9",
          "dependencies": [
            "aws_vpc.ecommerce_vpc"
          ]
        }
      ]
    },
    {
      "mode": "managed",
      "type": "aws_subnet",
      "name": "ecommerce-subnet-public-2",
      "provider": "provider[\"registry.terraform.io/hashicorp/aws\"]",
      "instances": [
        {
          "schema_version": 1,
          "attributes": {
            "arn": "arn:aws:ec2:us-east-1:864450723917:subnet/subnet-0f9edd382a97a413e",
            "assign_ipv6_address_on_creation": false,
            "availability_zone": "us-east-1b",
            "availability_zone_id": "use1-az6",
            "cidr_block": "10.0.2.0/24",
            "customer_owned_ipv4_pool": "",
            "enable_dns64": false,
            "enable_resource_name_dns_a_record_on_launch": false,
            "enable_resource_name_dns_aaaa_record_on_launch": false,
            "id": "subnet-0f9edd382a97a413e",
            "ipv6_cidr_block": "",
            "ipv6_cidr_block_association_id": "",
            "ipv6_native": false,
            "map_customer_owned_ip_on_launch": false,
            "map_public_ip_on_launch": true,
            "outpost_arn": "",
            "owner_id": "864450723917",
            "private_dns_hostname_type_on_launch": "ip-name",
            "tags": {
              "Name": "public-subnet-2"
            },
            "tags_all": {
              "Name": "public-subnet-2"
            },
            "timeouts": null,
            "vpc_id": "vpc-01a4c148aa0d5d9e1"
          },
          "sensitive_attributes": [],
          "private": "eyJlMmJmYjczMC1lY2FhLTExZTYtOGY4OC0zNDM2M2JjN2M0YzAiOnsiY3JlYXRlIjo2MDAwMDAwMDAwMDAsImRlbGV0ZSI6MTIwMDAwMDAwMDAwMH0sInNjaGVtYV92ZXJzaW9uIjoiMSJ9",
          "dependencies": [
            "aws_vpc.ecommerce_vpc"
          ]
        }
      ]
    },
    {
      "mode": "managed",
      "type": "aws_vpc",
      "name": "ecommerce_vpc",
      "provider": "provider[\"registry.terraform.io/hashicorp/aws\"]",
      "instances": [
        {
          "schema_version": 1,
          "attributes": {
            "arn": "arn:aws:ec2:us-east-1:864450723917:vpc/vpc-01a4c148aa0d5d9e1",
            "assign_generated_ipv6_cidr_block": false,
            "cidr_block": "10.0.0.0/16",
            "default_network_acl_id": "acl-0ee6c12dc414def19",
            "default_route_table_id": "rtb-0bcfd69d797cbed5d",
            "default_security_group_id": "sg-0e4c0bd2ce29645b4",
            "dhcp_options_id": "dopt-08e46a867ef36f193",
            "enable_classiclink": false,
            "enable_classiclink_dns_support": false,
            "enable_dns_hostnames": true,
            "enable_dns_support": true,
            "id": "vpc-01a4c148aa0d5d9e1",
            "instance_tenancy": "default",
            "ipv4_ipam_pool_id": null,
            "ipv4_netmask_length": null,
            "ipv6_association_id": "",
            "ipv6_cidr_block": "",
            "ipv6_cidr_block_network_border_group": "",
            "ipv6_ipam_pool_id": "",
            "ipv6_netmask_length": 0,
            "main_route_table_id": "rtb-0bcfd69d797cbed5d",
            "owner_id": "864450723917",
            "tags": {
              "Name": "Ecom VPC"
            },
            "tags_all": {
              "Name": "Ecom VPC"
            }
          },
          "sensitive_attributes": [],
          "private": "eyJzY2hlbWFfdmVyc2lvbiI6IjEifQ=="
        }
      ]
    }
  ]
}
